// !$*UTF8*$!
{
	archiveVersion = 1;
	classes = {
	};
	objectVersion = 56;
	objects = {

/* Begin PBXBuildFile section */
		3801A7E32BF3132500AD60DE /* AppCoordinator.swift in Sources */ = {isa = PBXBuildFile; fileRef = 3801A7E22BF3132500AD60DE /* AppCoordinator.swift */; };
		38081D112C607E8900D8E6E2 /* ProfileDataSource.swift in Sources */ = {isa = PBXBuildFile; fileRef = 38081D102C607E8900D8E6E2 /* ProfileDataSource.swift */; };
		38081D132C607EA200D8E6E2 /* ProfileViewModel.swift in Sources */ = {isa = PBXBuildFile; fileRef = 38081D122C607EA200D8E6E2 /* ProfileViewModel.swift */; };
		38081D152C607ECB00D8E6E2 /* ProfileAssembly.swift in Sources */ = {isa = PBXBuildFile; fileRef = 38081D142C607ECB00D8E6E2 /* ProfileAssembly.swift */; };
		38081D172C607F9D00D8E6E2 /* ProfileViewController.swift in Sources */ = {isa = PBXBuildFile; fileRef = 38081D162C607F9D00D8E6E2 /* ProfileViewController.swift */; };
		382020232BF3046900368FA7 /* AppDelegate.swift in Sources */ = {isa = PBXBuildFile; fileRef = 382020222BF3046900368FA7 /* AppDelegate.swift */; };
		382020252BF3046900368FA7 /* SceneDelegate.swift in Sources */ = {isa = PBXBuildFile; fileRef = 382020242BF3046900368FA7 /* SceneDelegate.swift */; };
		382020272BF3046900368FA7 /* WelcomeViewController.swift in Sources */ = {isa = PBXBuildFile; fileRef = 382020262BF3046900368FA7 /* WelcomeViewController.swift */; };
		3820202C2BF3046B00368FA7 /* Assets.xcassets in Resources */ = {isa = PBXBuildFile; fileRef = 3820202B2BF3046B00368FA7 /* Assets.xcassets */; };
		3820203A2BF3046B00368FA7 /* MusicAppTests.swift in Sources */ = {isa = PBXBuildFile; fileRef = 382020392BF3046B00368FA7 /* MusicAppTests.swift */; };
		382020542BF30B0200368FA7 /* CoordinatorProtocol.swift in Sources */ = {isa = PBXBuildFile; fileRef = 382020532BF30B0200368FA7 /* CoordinatorProtocol.swift */; };
		382020592BF3100F00368FA7 /* BrowseViewController.swift in Sources */ = {isa = PBXBuildFile; fileRef = 382020582BF3100F00368FA7 /* BrowseViewController.swift */; };
		3823FFFF2C5729B90079B746 /* UICollectionView+Extensions.swift in Sources */ = {isa = PBXBuildFile; fileRef = 3823FFFE2C5729B90079B746 /* UICollectionView+Extensions.swift */; };
		3845A0182C69DE3D00898F4E /* KeychainSwift in Frameworks */ = {isa = PBXBuildFile; productRef = 3845A0172C69DE3D00898F4E /* KeychainSwift */; };
		3857EDC32BF53EE900F2B8ED /* ServiceLocatorProtocol.swift in Sources */ = {isa = PBXBuildFile; fileRef = 3857EDC22BF53EE900F2B8ED /* ServiceLocatorProtocol.swift */; };
		3857EDC52BF540EF00F2B8ED /* ServiceLocator.swift in Sources */ = {isa = PBXBuildFile; fileRef = 3857EDC42BF540EF00F2B8ED /* ServiceLocator.swift */; };
		3857EDC72BF5692700F2B8ED /* UIView+AddSubviews.swift in Sources */ = {isa = PBXBuildFile; fileRef = 3857EDC62BF5692700F2B8ED /* UIView+AddSubviews.swift */; };
		3857EDCA2BF56A1100F2B8ED /* AuthCoordinator.swift in Sources */ = {isa = PBXBuildFile; fileRef = 3857EDC92BF56A1100F2B8ED /* AuthCoordinator.swift */; };
		3857EDCD2BF69CE800F2B8ED /* SignInViewModel.swift in Sources */ = {isa = PBXBuildFile; fileRef = 3857EDCC2BF69CE800F2B8ED /* SignInViewModel.swift */; };
		3857EDCF2BF69CF800F2B8ED /* SignInDataSource.swift in Sources */ = {isa = PBXBuildFile; fileRef = 3857EDCE2BF69CF800F2B8ED /* SignInDataSource.swift */; };
		3857EDD12BF69D1600F2B8ED /* SignInViewAssembly.swift in Sources */ = {isa = PBXBuildFile; fileRef = 3857EDD02BF69D1600F2B8ED /* SignInViewAssembly.swift */; };
		3857EDD32BF69D3500F2B8ED /* SignInViewController.swift in Sources */ = {isa = PBXBuildFile; fileRef = 3857EDD22BF69D3500F2B8ED /* SignInViewController.swift */; };
		3857EDD72BF69D7B00F2B8ED /* AssemblyProtocol.swift in Sources */ = {isa = PBXBuildFile; fileRef = 3857EDD62BF69D7B00F2B8ED /* AssemblyProtocol.swift */; };
		3857EDD92BF6B16600F2B8ED /* ServiceDataSourceProtocol.swift in Sources */ = {isa = PBXBuildFile; fileRef = 3857EDD82BF6B16600F2B8ED /* ServiceDataSourceProtocol.swift */; };
		385A70CE2BF867BE00659C2D /* MainTabBarController.swift in Sources */ = {isa = PBXBuildFile; fileRef = 385A70CD2BF867BE00659C2D /* MainTabBarController.swift */; };
		385A70D02BF867FD00659C2D /* MainCoordinator.swift in Sources */ = {isa = PBXBuildFile; fileRef = 385A70CF2BF867FD00659C2D /* MainCoordinator.swift */; };
		385A70D22BF8718900659C2D /* BrowseCoordinator.swift in Sources */ = {isa = PBXBuildFile; fileRef = 385A70D12BF8718900659C2D /* BrowseCoordinator.swift */; };
		385A70D42BF8721600659C2D /* BrowseDataSource.swift in Sources */ = {isa = PBXBuildFile; fileRef = 385A70D32BF8721600659C2D /* BrowseDataSource.swift */; };
		385A70D62BF8731F00659C2D /* BrowseViewModel.swift in Sources */ = {isa = PBXBuildFile; fileRef = 385A70D52BF8731F00659C2D /* BrowseViewModel.swift */; };
		385A70D82BF8737E00659C2D /* BrowseViewAssembly.swift in Sources */ = {isa = PBXBuildFile; fileRef = 385A70D72BF8737E00659C2D /* BrowseViewAssembly.swift */; };
		385A70DE2BF9A74C00659C2D /* AlbumResponse.swift in Sources */ = {isa = PBXBuildFile; fileRef = 385A70DD2BF9A74C00659C2D /* AlbumResponse.swift */; };
		385A70E52BF9A75F00659C2D /* PlaylistResponse.swift in Sources */ = {isa = PBXBuildFile; fileRef = 385A70DF2BF9A75F00659C2D /* PlaylistResponse.swift */; };
		385A70E62BF9A75F00659C2D /* ProfileResponse.swift in Sources */ = {isa = PBXBuildFile; fileRef = 385A70E02BF9A75F00659C2D /* ProfileResponse.swift */; };
		385A70E72BF9A75F00659C2D /* SavedAlbumResponse.swift in Sources */ = {isa = PBXBuildFile; fileRef = 385A70E12BF9A75F00659C2D /* SavedAlbumResponse.swift */; };
		385A70E82BF9A75F00659C2D /* SearchResponse.swift in Sources */ = {isa = PBXBuildFile; fileRef = 385A70E22BF9A75F00659C2D /* SearchResponse.swift */; };
		385A70E92BF9A75F00659C2D /* CategoriesResponse.swift in Sources */ = {isa = PBXBuildFile; fileRef = 385A70E32BF9A75F00659C2D /* CategoriesResponse.swift */; };
		385A70EA2BF9A75F00659C2D /* ArtistResponse.swift in Sources */ = {isa = PBXBuildFile; fileRef = 385A70E42BF9A75F00659C2D /* ArtistResponse.swift */; };
		385A70F32BF9A77300659C2D /* Artist.swift in Sources */ = {isa = PBXBuildFile; fileRef = 385A70EB2BF9A77300659C2D /* Artist.swift */; };
		385A70F42BF9A77300659C2D /* Followers.swift in Sources */ = {isa = PBXBuildFile; fileRef = 385A70EC2BF9A77300659C2D /* Followers.swift */; };
		385A70F52BF9A77300659C2D /* Images.swift in Sources */ = {isa = PBXBuildFile; fileRef = 385A70ED2BF9A77300659C2D /* Images.swift */; };
		385A70F62BF9A77300659C2D /* ItemType.swift in Sources */ = {isa = PBXBuildFile; fileRef = 385A70EE2BF9A77300659C2D /* ItemType.swift */; };
		385A70F72BF9A77300659C2D /* Owner.swift in Sources */ = {isa = PBXBuildFile; fileRef = 385A70EF2BF9A77300659C2D /* Owner.swift */; };
		385A70F82BF9A77300659C2D /* Restrictions.swift in Sources */ = {isa = PBXBuildFile; fileRef = 385A70F02BF9A77300659C2D /* Restrictions.swift */; };
		385A70F92BF9A77300659C2D /* Track.swift in Sources */ = {isa = PBXBuildFile; fileRef = 385A70F12BF9A77300659C2D /* Track.swift */; };
		385A70FB2BF9A79000659C2D /* Album.swift in Sources */ = {isa = PBXBuildFile; fileRef = 385A70FA2BF9A79000659C2D /* Album.swift */; };
		385A70FD2BF9A83A00659C2D /* NewReleases.swift in Sources */ = {isa = PBXBuildFile; fileRef = 385A70FC2BF9A83A00659C2D /* NewReleases.swift */; };
		385A70FF2BF9A86E00659C2D /* Recommendations.swift in Sources */ = {isa = PBXBuildFile; fileRef = 385A70FE2BF9A86E00659C2D /* Recommendations.swift */; };
		385A71012BF9A88000659C2D /* FeaturedPlaylists.swift in Sources */ = {isa = PBXBuildFile; fileRef = 385A71002BF9A88000659C2D /* FeaturedPlaylists.swift */; };
		385A71032BF9A88F00659C2D /* Genres.swift in Sources */ = {isa = PBXBuildFile; fileRef = 385A71022BF9A88F00659C2D /* Genres.swift */; };
		385A71052BF9A89F00659C2D /* TopArtists.swift in Sources */ = {isa = PBXBuildFile; fileRef = 385A71042BF9A89F00659C2D /* TopArtists.swift */; };
		385A71072BFA8C6500659C2D /* Playlist.swift in Sources */ = {isa = PBXBuildFile; fileRef = 385A71062BFA8C6500659C2D /* Playlist.swift */; };
		385A71092BFA8ED800659C2D /* CellItemProtocol.swift in Sources */ = {isa = PBXBuildFile; fileRef = 385A71082BFA8ED800659C2D /* CellItemProtocol.swift */; };
		385A710D2BFAB1F400659C2D /* CategoryCollectionViewCell.swift in Sources */ = {isa = PBXBuildFile; fileRef = 385A710C2BFAB1F400659C2D /* CategoryCollectionViewCell.swift */; };
		385A710F2BFAB51E00659C2D /* LaunchScreen.storyboard in Resources */ = {isa = PBXBuildFile; fileRef = 385A710E2BFAB51E00659C2D /* LaunchScreen.storyboard */; };
		385A71112BFB275D00659C2D /* CollectionUIHelper.swift in Sources */ = {isa = PBXBuildFile; fileRef = 385A71102BFB275D00659C2D /* CollectionUIHelper.swift */; };
		385A71142BFBC31D00659C2D /* CellConfigurationProtocol.swift in Sources */ = {isa = PBXBuildFile; fileRef = 385A71132BFBC31D00659C2D /* CellConfigurationProtocol.swift */; };
		385A71162BFC404F00659C2D /* UIImageView+LoadImage.swift in Sources */ = {isa = PBXBuildFile; fileRef = 385A71152BFC404F00659C2D /* UIImageView+LoadImage.swift */; };
		385A71192BFC40B100659C2D /* AsyncImageView.swift in Sources */ = {isa = PBXBuildFile; fileRef = 385A71182BFC40B100659C2D /* AsyncImageView.swift */; };
		385A711C2BFC42C700659C2D /* SectionHeader.swift in Sources */ = {isa = PBXBuildFile; fileRef = 385A711A2BFC42C700659C2D /* SectionHeader.swift */; };
		385A711D2BFC42C700659C2D /* AlbumsPageHeader.swift in Sources */ = {isa = PBXBuildFile; fileRef = 385A711B2BFC42C700659C2D /* AlbumsPageHeader.swift */; };
		385A711F2BFC441F00659C2D /* FeaturedCollectionViewCell.swift in Sources */ = {isa = PBXBuildFile; fileRef = 385A711E2BFC441E00659C2D /* FeaturedCollectionViewCell.swift */; };
		385A71212BFC462D00659C2D /* CoverCollectionViewCell.swift in Sources */ = {isa = PBXBuildFile; fileRef = 385A71202BFC462D00659C2D /* CoverCollectionViewCell.swift */; };
		385A71262BFC4CFF00659C2D /* PlaylistTrackCollectionViewCell.swift in Sources */ = {isa = PBXBuildFile; fileRef = 385A71242BFC4CFF00659C2D /* PlaylistTrackCollectionViewCell.swift */; };
		385A71272BFC4CFF00659C2D /* AlbumTrackCollectionViewCell.swift in Sources */ = {isa = PBXBuildFile; fileRef = 385A71252BFC4CFF00659C2D /* AlbumTrackCollectionViewCell.swift */; };
		385A712C2BFE6BA900659C2D /* ItemDetailsViewController.swift in Sources */ = {isa = PBXBuildFile; fileRef = 385A712B2BFE6BA900659C2D /* ItemDetailsViewController.swift */; };
		385A712E2BFE6C3D00659C2D /* ItemDetailsDataSource.swift in Sources */ = {isa = PBXBuildFile; fileRef = 385A712D2BFE6C3D00659C2D /* ItemDetailsDataSource.swift */; };
		385A71302BFE6C5000659C2D /* ItemDetailsViewModel.swift in Sources */ = {isa = PBXBuildFile; fileRef = 385A712F2BFE6C5000659C2D /* ItemDetailsViewModel.swift */; };
		385A71322BFE6C7000659C2D /* ItemDetailsCoordinator.swift in Sources */ = {isa = PBXBuildFile; fileRef = 385A71312BFE6C7000659C2D /* ItemDetailsCoordinator.swift */; };
		385A71342BFEC1A900659C2D /* ItemDetailsAssembly.swift in Sources */ = {isa = PBXBuildFile; fileRef = 385A71332BFEC1A900659C2D /* ItemDetailsAssembly.swift */; };
		385A71362BFF017F00659C2D /* ItemViewCell.swift in Sources */ = {isa = PBXBuildFile; fileRef = 385A71352BFF017F00659C2D /* ItemViewCell.swift */; };
		385A71392C0025E300659C2D /* SectionDecorator.swift in Sources */ = {isa = PBXBuildFile; fileRef = 385A71382C0025E300659C2D /* SectionDecorator.swift */; };
		385A713B2C00334700659C2D /* ImageCache.swift in Sources */ = {isa = PBXBuildFile; fileRef = 385A713A2C00334700659C2D /* ImageCache.swift */; };
		385A713E2C004DA500659C2D /* SearchViewController.swift in Sources */ = {isa = PBXBuildFile; fileRef = 385A713D2C004DA500659C2D /* SearchViewController.swift */; };
		385A71412C004E1C00659C2D /* LibraryViewController.swift in Sources */ = {isa = PBXBuildFile; fileRef = 385A71402C004E1C00659C2D /* LibraryViewController.swift */; };
		385A71432C011DAE00659C2D /* BrowseItem.swift in Sources */ = {isa = PBXBuildFile; fileRef = 385A71422C011DAE00659C2D /* BrowseItem.swift */; };
		385A71452C01230200659C2D /* LibraryCoordinator.swift in Sources */ = {isa = PBXBuildFile; fileRef = 385A71442C01230200659C2D /* LibraryCoordinator.swift */; };
		385A71472C01240000659C2D /* LibraryAssembly.swift in Sources */ = {isa = PBXBuildFile; fileRef = 385A71462C01240000659C2D /* LibraryAssembly.swift */; };
		385A71492C01244C00659C2D /* LibraryDataSource.swift in Sources */ = {isa = PBXBuildFile; fileRef = 385A71482C01244C00659C2D /* LibraryDataSource.swift */; };
		385A714B2C01267500659C2D /* LibraryViewModel.swift in Sources */ = {isa = PBXBuildFile; fileRef = 385A714A2C01267500659C2D /* LibraryViewModel.swift */; };
		385A714D2C01438100659C2D /* AlbumsResponse.swift in Sources */ = {isa = PBXBuildFile; fileRef = 385A714C2C01438100659C2D /* AlbumsResponse.swift */; };
		385A714F2C01469900659C2D /* SavedPlaylistsResponse.swift in Sources */ = {isa = PBXBuildFile; fileRef = 385A714E2C01469900659C2D /* SavedPlaylistsResponse.swift */; };
		385A71512C01477B00659C2D /* ArtistsResponse.swift in Sources */ = {isa = PBXBuildFile; fileRef = 385A71502C01477B00659C2D /* ArtistsResponse.swift */; };
		385D0A482BF45AB80076A5F3 /* NetworkManager.swift in Sources */ = {isa = PBXBuildFile; fileRef = 385D0A3A2BF45AB80076A5F3 /* NetworkManager.swift */; };
		385D0A492BF45AB80076A5F3 /* NetworkManager.swift in Sources */ = {isa = PBXBuildFile; fileRef = 385D0A3A2BF45AB80076A5F3 /* NetworkManager.swift */; };
		385D0A4A2BF45AB80076A5F3 /* NetworkManagerErrors.swift in Sources */ = {isa = PBXBuildFile; fileRef = 385D0A3B2BF45AB80076A5F3 /* NetworkManagerErrors.swift */; };
		385D0A4B2BF45AB80076A5F3 /* NetworkManagerErrors.swift in Sources */ = {isa = PBXBuildFile; fileRef = 385D0A3B2BF45AB80076A5F3 /* NetworkManagerErrors.swift */; };
		385D0A4C2BF45AB80076A5F3 /* CachedResponse.swift in Sources */ = {isa = PBXBuildFile; fileRef = 385D0A3C2BF45AB80076A5F3 /* CachedResponse.swift */; };
		385D0A4D2BF45AB80076A5F3 /* CachedResponse.swift in Sources */ = {isa = PBXBuildFile; fileRef = 385D0A3C2BF45AB80076A5F3 /* CachedResponse.swift */; };
		385D0A4E2BF45AB80076A5F3 /* AlbumEndpoint.swift in Sources */ = {isa = PBXBuildFile; fileRef = 385D0A3D2BF45AB80076A5F3 /* AlbumEndpoint.swift */; };
		385D0A4F2BF45AB80076A5F3 /* AlbumEndpoint.swift in Sources */ = {isa = PBXBuildFile; fileRef = 385D0A3D2BF45AB80076A5F3 /* AlbumEndpoint.swift */; };
		385D0A502BF45AB80076A5F3 /* ArtistEndpoint.swift in Sources */ = {isa = PBXBuildFile; fileRef = 385D0A3E2BF45AB80076A5F3 /* ArtistEndpoint.swift */; };
		385D0A512BF45AB80076A5F3 /* ArtistEndpoint.swift in Sources */ = {isa = PBXBuildFile; fileRef = 385D0A3E2BF45AB80076A5F3 /* ArtistEndpoint.swift */; };
		385D0A522BF45AB80076A5F3 /* BrowseEndpoint.swift in Sources */ = {isa = PBXBuildFile; fileRef = 385D0A3F2BF45AB80076A5F3 /* BrowseEndpoint.swift */; };
		385D0A532BF45AB80076A5F3 /* BrowseEndpoint.swift in Sources */ = {isa = PBXBuildFile; fileRef = 385D0A3F2BF45AB80076A5F3 /* BrowseEndpoint.swift */; };
		385D0A542BF45AB80076A5F3 /* EndpointProtocol.swift in Sources */ = {isa = PBXBuildFile; fileRef = 385D0A402BF45AB80076A5F3 /* EndpointProtocol.swift */; };
		385D0A552BF45AB80076A5F3 /* EndpointProtocol.swift in Sources */ = {isa = PBXBuildFile; fileRef = 385D0A402BF45AB80076A5F3 /* EndpointProtocol.swift */; };
		385D0A562BF45AB80076A5F3 /* PlaylistsEndpoint.swift in Sources */ = {isa = PBXBuildFile; fileRef = 385D0A412BF45AB80076A5F3 /* PlaylistsEndpoint.swift */; };
		385D0A572BF45AB80076A5F3 /* PlaylistsEndpoint.swift in Sources */ = {isa = PBXBuildFile; fileRef = 385D0A412BF45AB80076A5F3 /* PlaylistsEndpoint.swift */; };
		385D0A582BF45AB80076A5F3 /* ProfileEndpoint.swift in Sources */ = {isa = PBXBuildFile; fileRef = 385D0A422BF45AB80076A5F3 /* ProfileEndpoint.swift */; };
		385D0A592BF45AB80076A5F3 /* ProfileEndpoint.swift in Sources */ = {isa = PBXBuildFile; fileRef = 385D0A422BF45AB80076A5F3 /* ProfileEndpoint.swift */; };
		385D0A5A2BF45AB80076A5F3 /* RecommendationsEndpoint.swift in Sources */ = {isa = PBXBuildFile; fileRef = 385D0A432BF45AB80076A5F3 /* RecommendationsEndpoint.swift */; };
		385D0A5B2BF45AB80076A5F3 /* RecommendationsEndpoint.swift in Sources */ = {isa = PBXBuildFile; fileRef = 385D0A432BF45AB80076A5F3 /* RecommendationsEndpoint.swift */; };
		385D0A5C2BF45AB80076A5F3 /* SearchEndpoint.swift in Sources */ = {isa = PBXBuildFile; fileRef = 385D0A442BF45AB80076A5F3 /* SearchEndpoint.swift */; };
		385D0A5D2BF45AB80076A5F3 /* SearchEndpoint.swift in Sources */ = {isa = PBXBuildFile; fileRef = 385D0A442BF45AB80076A5F3 /* SearchEndpoint.swift */; };
		385D0A5E2BF45AB80076A5F3 /* UsersSavedAlbums.swift in Sources */ = {isa = PBXBuildFile; fileRef = 385D0A452BF45AB80076A5F3 /* UsersSavedAlbums.swift */; };
		385D0A5F2BF45AB80076A5F3 /* UsersSavedAlbums.swift in Sources */ = {isa = PBXBuildFile; fileRef = 385D0A452BF45AB80076A5F3 /* UsersSavedAlbums.swift */; };
		385D0A602BF45AB80076A5F3 /* UsersTopArtistEnpoint.swift in Sources */ = {isa = PBXBuildFile; fileRef = 385D0A462BF45AB80076A5F3 /* UsersTopArtistEnpoint.swift */; };
		385D0A612BF45AB80076A5F3 /* UsersTopArtistEnpoint.swift in Sources */ = {isa = PBXBuildFile; fileRef = 385D0A462BF45AB80076A5F3 /* UsersTopArtistEnpoint.swift */; };
		385D0A632BF45AD20076A5F3 /* NetworkManagerProtocol.swift in Sources */ = {isa = PBXBuildFile; fileRef = 385D0A622BF45AD20076A5F3 /* NetworkManagerProtocol.swift */; };
		385D0A642BF45AD20076A5F3 /* NetworkManagerProtocol.swift in Sources */ = {isa = PBXBuildFile; fileRef = 385D0A622BF45AD20076A5F3 /* NetworkManagerProtocol.swift */; };
		385D0A662BF45B900076A5F3 /* AuthManagerProtocol.swift in Sources */ = {isa = PBXBuildFile; fileRef = 385D0A652BF45B900076A5F3 /* AuthManagerProtocol.swift */; };
		385D0A672BF45B900076A5F3 /* AuthManagerProtocol.swift in Sources */ = {isa = PBXBuildFile; fileRef = 385D0A652BF45B900076A5F3 /* AuthManagerProtocol.swift */; };
		385D0A692BF45BE90076A5F3 /* AuthManager.swift in Sources */ = {isa = PBXBuildFile; fileRef = 385D0A682BF45BE90076A5F3 /* AuthManager.swift */; };
		385D0A6A2BF45BE90076A5F3 /* AuthManager.swift in Sources */ = {isa = PBXBuildFile; fileRef = 385D0A682BF45BE90076A5F3 /* AuthManager.swift */; };
		385D0A6C2BF45D4D0076A5F3 /* AuthConstants.swift in Sources */ = {isa = PBXBuildFile; fileRef = 385D0A6B2BF45D4D0076A5F3 /* AuthConstants.swift */; };
		385D0A6D2BF45D4D0076A5F3 /* AuthConstants.swift in Sources */ = {isa = PBXBuildFile; fileRef = 385D0A6B2BF45D4D0076A5F3 /* AuthConstants.swift */; };
		385D0A712BF465DE0076A5F3 /* AuthResponse.swift in Sources */ = {isa = PBXBuildFile; fileRef = 385D0A702BF465DE0076A5F3 /* AuthResponse.swift */; };
		385D0A722BF465DE0076A5F3 /* AuthResponse.swift in Sources */ = {isa = PBXBuildFile; fileRef = 385D0A702BF465DE0076A5F3 /* AuthResponse.swift */; };
		389805312C5EFE6F001E02D7 /* UIViewController+Extensions.swift in Sources */ = {isa = PBXBuildFile; fileRef = 389805302C5EFE6E001E02D7 /* UIViewController+Extensions.swift */; };
		389805332C5F2C2D001E02D7 /* ItemDetailsModel.swift in Sources */ = {isa = PBXBuildFile; fileRef = 389805322C5F2C2D001E02D7 /* ItemDetailsModel.swift */; };
/* End PBXBuildFile section */

/* Begin PBXContainerItemProxy section */
		382020362BF3046B00368FA7 /* PBXContainerItemProxy */ = {
			isa = PBXContainerItemProxy;
			containerPortal = 382020172BF3046800368FA7 /* Project object */;
			proxyType = 1;
			remoteGlobalIDString = 3820201E2BF3046800368FA7;
			remoteInfo = MusicApp;
		};
		382020402BF3046B00368FA7 /* PBXContainerItemProxy */ = {
			isa = PBXContainerItemProxy;
			containerPortal = 382020172BF3046800368FA7 /* Project object */;
			proxyType = 1;
			remoteGlobalIDString = 3820201E2BF3046800368FA7;
			remoteInfo = MusicApp;
		};
/* End PBXContainerItemProxy section */

/* Begin PBXFileReference section */
		3801A7E22BF3132500AD60DE /* AppCoordinator.swift */ = {isa = PBXFileReference; lastKnownFileType = sourcecode.swift; path = AppCoordinator.swift; sourceTree = "<group>"; };
		38081D102C607E8900D8E6E2 /* ProfileDataSource.swift */ = {isa = PBXFileReference; lastKnownFileType = sourcecode.swift; path = ProfileDataSource.swift; sourceTree = "<group>"; };
		38081D122C607EA200D8E6E2 /* ProfileViewModel.swift */ = {isa = PBXFileReference; lastKnownFileType = sourcecode.swift; path = ProfileViewModel.swift; sourceTree = "<group>"; };
		38081D142C607ECB00D8E6E2 /* ProfileAssembly.swift */ = {isa = PBXFileReference; lastKnownFileType = sourcecode.swift; path = ProfileAssembly.swift; sourceTree = "<group>"; };
		38081D162C607F9D00D8E6E2 /* ProfileViewController.swift */ = {isa = PBXFileReference; fileEncoding = 4; lastKnownFileType = sourcecode.swift; path = ProfileViewController.swift; sourceTree = "<group>"; };
		3820201F2BF3046800368FA7 /* MusicApp.app */ = {isa = PBXFileReference; explicitFileType = wrapper.application; includeInIndex = 0; path = MusicApp.app; sourceTree = BUILT_PRODUCTS_DIR; };
		382020222BF3046900368FA7 /* AppDelegate.swift */ = {isa = PBXFileReference; lastKnownFileType = sourcecode.swift; path = AppDelegate.swift; sourceTree = "<group>"; };
		382020242BF3046900368FA7 /* SceneDelegate.swift */ = {isa = PBXFileReference; lastKnownFileType = sourcecode.swift; path = SceneDelegate.swift; sourceTree = "<group>"; };
		382020262BF3046900368FA7 /* WelcomeViewController.swift */ = {isa = PBXFileReference; lastKnownFileType = sourcecode.swift; path = WelcomeViewController.swift; sourceTree = "<group>"; };
		3820202B2BF3046B00368FA7 /* Assets.xcassets */ = {isa = PBXFileReference; lastKnownFileType = folder.assetcatalog; path = Assets.xcassets; sourceTree = "<group>"; };
		382020302BF3046B00368FA7 /* Info.plist */ = {isa = PBXFileReference; lastKnownFileType = text.plist.xml; path = Info.plist; sourceTree = "<group>"; };
		382020352BF3046B00368FA7 /* MusicAppTests.xctest */ = {isa = PBXFileReference; explicitFileType = wrapper.cfbundle; includeInIndex = 0; path = MusicAppTests.xctest; sourceTree = BUILT_PRODUCTS_DIR; };
		382020392BF3046B00368FA7 /* MusicAppTests.swift */ = {isa = PBXFileReference; lastKnownFileType = sourcecode.swift; path = MusicAppTests.swift; sourceTree = "<group>"; };
		3820203F2BF3046B00368FA7 /* MusicAppUITests.xctest */ = {isa = PBXFileReference; explicitFileType = wrapper.cfbundle; includeInIndex = 0; path = MusicAppUITests.xctest; sourceTree = BUILT_PRODUCTS_DIR; };
		382020532BF30B0200368FA7 /* CoordinatorProtocol.swift */ = {isa = PBXFileReference; lastKnownFileType = sourcecode.swift; path = CoordinatorProtocol.swift; sourceTree = "<group>"; };
		382020582BF3100F00368FA7 /* BrowseViewController.swift */ = {isa = PBXFileReference; lastKnownFileType = sourcecode.swift; path = BrowseViewController.swift; sourceTree = "<group>"; };
		3823FFFE2C5729B90079B746 /* UICollectionView+Extensions.swift */ = {isa = PBXFileReference; lastKnownFileType = sourcecode.swift; path = "UICollectionView+Extensions.swift"; sourceTree = "<group>"; };
		3857EDC22BF53EE900F2B8ED /* ServiceLocatorProtocol.swift */ = {isa = PBXFileReference; lastKnownFileType = sourcecode.swift; path = ServiceLocatorProtocol.swift; sourceTree = "<group>"; };
		3857EDC42BF540EF00F2B8ED /* ServiceLocator.swift */ = {isa = PBXFileReference; lastKnownFileType = sourcecode.swift; path = ServiceLocator.swift; sourceTree = "<group>"; };
		3857EDC62BF5692700F2B8ED /* UIView+AddSubviews.swift */ = {isa = PBXFileReference; lastKnownFileType = sourcecode.swift; path = "UIView+AddSubviews.swift"; sourceTree = "<group>"; };
		3857EDC92BF56A1100F2B8ED /* AuthCoordinator.swift */ = {isa = PBXFileReference; lastKnownFileType = sourcecode.swift; path = AuthCoordinator.swift; sourceTree = "<group>"; };
		3857EDCC2BF69CE800F2B8ED /* SignInViewModel.swift */ = {isa = PBXFileReference; lastKnownFileType = sourcecode.swift; path = SignInViewModel.swift; sourceTree = "<group>"; };
		3857EDCE2BF69CF800F2B8ED /* SignInDataSource.swift */ = {isa = PBXFileReference; lastKnownFileType = sourcecode.swift; path = SignInDataSource.swift; sourceTree = "<group>"; };
		3857EDD02BF69D1600F2B8ED /* SignInViewAssembly.swift */ = {isa = PBXFileReference; lastKnownFileType = sourcecode.swift; path = SignInViewAssembly.swift; sourceTree = "<group>"; };
		3857EDD22BF69D3500F2B8ED /* SignInViewController.swift */ = {isa = PBXFileReference; lastKnownFileType = sourcecode.swift; path = SignInViewController.swift; sourceTree = "<group>"; };
		3857EDD62BF69D7B00F2B8ED /* AssemblyProtocol.swift */ = {isa = PBXFileReference; lastKnownFileType = sourcecode.swift; path = AssemblyProtocol.swift; sourceTree = "<group>"; };
		3857EDD82BF6B16600F2B8ED /* ServiceDataSourceProtocol.swift */ = {isa = PBXFileReference; lastKnownFileType = sourcecode.swift; path = ServiceDataSourceProtocol.swift; sourceTree = "<group>"; };
		385A70CD2BF867BE00659C2D /* MainTabBarController.swift */ = {isa = PBXFileReference; lastKnownFileType = sourcecode.swift; path = MainTabBarController.swift; sourceTree = "<group>"; };
		385A70CF2BF867FD00659C2D /* MainCoordinator.swift */ = {isa = PBXFileReference; lastKnownFileType = sourcecode.swift; path = MainCoordinator.swift; sourceTree = "<group>"; };
		385A70D12BF8718900659C2D /* BrowseCoordinator.swift */ = {isa = PBXFileReference; lastKnownFileType = sourcecode.swift; path = BrowseCoordinator.swift; sourceTree = "<group>"; };
		385A70D32BF8721600659C2D /* BrowseDataSource.swift */ = {isa = PBXFileReference; lastKnownFileType = sourcecode.swift; path = BrowseDataSource.swift; sourceTree = "<group>"; };
		385A70D52BF8731F00659C2D /* BrowseViewModel.swift */ = {isa = PBXFileReference; lastKnownFileType = sourcecode.swift; path = BrowseViewModel.swift; sourceTree = "<group>"; };
		385A70D72BF8737E00659C2D /* BrowseViewAssembly.swift */ = {isa = PBXFileReference; lastKnownFileType = sourcecode.swift; path = BrowseViewAssembly.swift; sourceTree = "<group>"; };
		385A70DD2BF9A74C00659C2D /* AlbumResponse.swift */ = {isa = PBXFileReference; fileEncoding = 4; lastKnownFileType = sourcecode.swift; path = AlbumResponse.swift; sourceTree = "<group>"; };
		385A70DF2BF9A75F00659C2D /* PlaylistResponse.swift */ = {isa = PBXFileReference; fileEncoding = 4; lastKnownFileType = sourcecode.swift; path = PlaylistResponse.swift; sourceTree = "<group>"; };
		385A70E02BF9A75F00659C2D /* ProfileResponse.swift */ = {isa = PBXFileReference; fileEncoding = 4; lastKnownFileType = sourcecode.swift; path = ProfileResponse.swift; sourceTree = "<group>"; };
		385A70E12BF9A75F00659C2D /* SavedAlbumResponse.swift */ = {isa = PBXFileReference; fileEncoding = 4; lastKnownFileType = sourcecode.swift; path = SavedAlbumResponse.swift; sourceTree = "<group>"; };
		385A70E22BF9A75F00659C2D /* SearchResponse.swift */ = {isa = PBXFileReference; fileEncoding = 4; lastKnownFileType = sourcecode.swift; path = SearchResponse.swift; sourceTree = "<group>"; };
		385A70E32BF9A75F00659C2D /* CategoriesResponse.swift */ = {isa = PBXFileReference; fileEncoding = 4; lastKnownFileType = sourcecode.swift; path = CategoriesResponse.swift; sourceTree = "<group>"; };
		385A70E42BF9A75F00659C2D /* ArtistResponse.swift */ = {isa = PBXFileReference; fileEncoding = 4; lastKnownFileType = sourcecode.swift; path = ArtistResponse.swift; sourceTree = "<group>"; };
		385A70EB2BF9A77300659C2D /* Artist.swift */ = {isa = PBXFileReference; fileEncoding = 4; lastKnownFileType = sourcecode.swift; path = Artist.swift; sourceTree = "<group>"; };
		385A70EC2BF9A77300659C2D /* Followers.swift */ = {isa = PBXFileReference; fileEncoding = 4; lastKnownFileType = sourcecode.swift; path = Followers.swift; sourceTree = "<group>"; };
		385A70ED2BF9A77300659C2D /* Images.swift */ = {isa = PBXFileReference; fileEncoding = 4; lastKnownFileType = sourcecode.swift; path = Images.swift; sourceTree = "<group>"; };
		385A70EE2BF9A77300659C2D /* ItemType.swift */ = {isa = PBXFileReference; fileEncoding = 4; lastKnownFileType = sourcecode.swift; path = ItemType.swift; sourceTree = "<group>"; };
		385A70EF2BF9A77300659C2D /* Owner.swift */ = {isa = PBXFileReference; fileEncoding = 4; lastKnownFileType = sourcecode.swift; path = Owner.swift; sourceTree = "<group>"; };
		385A70F02BF9A77300659C2D /* Restrictions.swift */ = {isa = PBXFileReference; fileEncoding = 4; lastKnownFileType = sourcecode.swift; path = Restrictions.swift; sourceTree = "<group>"; };
		385A70F12BF9A77300659C2D /* Track.swift */ = {isa = PBXFileReference; fileEncoding = 4; lastKnownFileType = sourcecode.swift; path = Track.swift; sourceTree = "<group>"; };
		385A70FA2BF9A79000659C2D /* Album.swift */ = {isa = PBXFileReference; fileEncoding = 4; lastKnownFileType = sourcecode.swift; path = Album.swift; sourceTree = "<group>"; };
		385A70FC2BF9A83A00659C2D /* NewReleases.swift */ = {isa = PBXFileReference; fileEncoding = 4; lastKnownFileType = sourcecode.swift; path = NewReleases.swift; sourceTree = "<group>"; };
		385A70FE2BF9A86E00659C2D /* Recommendations.swift */ = {isa = PBXFileReference; fileEncoding = 4; lastKnownFileType = sourcecode.swift; path = Recommendations.swift; sourceTree = "<group>"; };
		385A71002BF9A88000659C2D /* FeaturedPlaylists.swift */ = {isa = PBXFileReference; fileEncoding = 4; lastKnownFileType = sourcecode.swift; path = FeaturedPlaylists.swift; sourceTree = "<group>"; };
		385A71022BF9A88F00659C2D /* Genres.swift */ = {isa = PBXFileReference; fileEncoding = 4; lastKnownFileType = sourcecode.swift; path = Genres.swift; sourceTree = "<group>"; };
		385A71042BF9A89F00659C2D /* TopArtists.swift */ = {isa = PBXFileReference; fileEncoding = 4; lastKnownFileType = sourcecode.swift; path = TopArtists.swift; sourceTree = "<group>"; };
		385A71062BFA8C6500659C2D /* Playlist.swift */ = {isa = PBXFileReference; fileEncoding = 4; lastKnownFileType = sourcecode.swift; path = Playlist.swift; sourceTree = "<group>"; };
		385A71082BFA8ED800659C2D /* CellItemProtocol.swift */ = {isa = PBXFileReference; lastKnownFileType = sourcecode.swift; path = CellItemProtocol.swift; sourceTree = "<group>"; };
		385A710C2BFAB1F400659C2D /* CategoryCollectionViewCell.swift */ = {isa = PBXFileReference; fileEncoding = 4; lastKnownFileType = sourcecode.swift; path = CategoryCollectionViewCell.swift; sourceTree = "<group>"; };
		385A710E2BFAB51E00659C2D /* LaunchScreen.storyboard */ = {isa = PBXFileReference; fileEncoding = 4; lastKnownFileType = file.storyboard; path = LaunchScreen.storyboard; sourceTree = "<group>"; };
		385A71102BFB275D00659C2D /* CollectionUIHelper.swift */ = {isa = PBXFileReference; fileEncoding = 4; lastKnownFileType = sourcecode.swift; path = CollectionUIHelper.swift; sourceTree = "<group>"; };
		385A71132BFBC31D00659C2D /* CellConfigurationProtocol.swift */ = {isa = PBXFileReference; lastKnownFileType = sourcecode.swift; path = CellConfigurationProtocol.swift; sourceTree = "<group>"; };
		385A71152BFC404F00659C2D /* UIImageView+LoadImage.swift */ = {isa = PBXFileReference; fileEncoding = 4; lastKnownFileType = sourcecode.swift; path = "UIImageView+LoadImage.swift"; sourceTree = "<group>"; };
		385A71182BFC40B100659C2D /* AsyncImageView.swift */ = {isa = PBXFileReference; lastKnownFileType = sourcecode.swift; path = AsyncImageView.swift; sourceTree = "<group>"; };
		385A711A2BFC42C700659C2D /* SectionHeader.swift */ = {isa = PBXFileReference; fileEncoding = 4; lastKnownFileType = sourcecode.swift; path = SectionHeader.swift; sourceTree = "<group>"; };
		385A711B2BFC42C700659C2D /* AlbumsPageHeader.swift */ = {isa = PBXFileReference; fileEncoding = 4; lastKnownFileType = sourcecode.swift; path = AlbumsPageHeader.swift; sourceTree = "<group>"; };
		385A711E2BFC441E00659C2D /* FeaturedCollectionViewCell.swift */ = {isa = PBXFileReference; fileEncoding = 4; lastKnownFileType = sourcecode.swift; path = FeaturedCollectionViewCell.swift; sourceTree = "<group>"; };
		385A71202BFC462D00659C2D /* CoverCollectionViewCell.swift */ = {isa = PBXFileReference; fileEncoding = 4; lastKnownFileType = sourcecode.swift; path = CoverCollectionViewCell.swift; sourceTree = "<group>"; };
		385A71242BFC4CFF00659C2D /* PlaylistTrackCollectionViewCell.swift */ = {isa = PBXFileReference; fileEncoding = 4; lastKnownFileType = sourcecode.swift; path = PlaylistTrackCollectionViewCell.swift; sourceTree = "<group>"; };
		385A71252BFC4CFF00659C2D /* AlbumTrackCollectionViewCell.swift */ = {isa = PBXFileReference; fileEncoding = 4; lastKnownFileType = sourcecode.swift; path = AlbumTrackCollectionViewCell.swift; sourceTree = "<group>"; };
		385A712B2BFE6BA900659C2D /* ItemDetailsViewController.swift */ = {isa = PBXFileReference; lastKnownFileType = sourcecode.swift; path = ItemDetailsViewController.swift; sourceTree = "<group>"; };
		385A712D2BFE6C3D00659C2D /* ItemDetailsDataSource.swift */ = {isa = PBXFileReference; lastKnownFileType = sourcecode.swift; path = ItemDetailsDataSource.swift; sourceTree = "<group>"; };
		385A712F2BFE6C5000659C2D /* ItemDetailsViewModel.swift */ = {isa = PBXFileReference; lastKnownFileType = sourcecode.swift; path = ItemDetailsViewModel.swift; sourceTree = "<group>"; };
		385A71312BFE6C7000659C2D /* ItemDetailsCoordinator.swift */ = {isa = PBXFileReference; lastKnownFileType = sourcecode.swift; path = ItemDetailsCoordinator.swift; sourceTree = "<group>"; };
		385A71332BFEC1A900659C2D /* ItemDetailsAssembly.swift */ = {isa = PBXFileReference; lastKnownFileType = sourcecode.swift; path = ItemDetailsAssembly.swift; sourceTree = "<group>"; };
		385A71352BFF017F00659C2D /* ItemViewCell.swift */ = {isa = PBXFileReference; lastKnownFileType = sourcecode.swift; path = ItemViewCell.swift; sourceTree = "<group>"; };
		385A71382C0025E300659C2D /* SectionDecorator.swift */ = {isa = PBXFileReference; lastKnownFileType = sourcecode.swift; path = SectionDecorator.swift; sourceTree = "<group>"; };
		385A713A2C00334700659C2D /* ImageCache.swift */ = {isa = PBXFileReference; lastKnownFileType = sourcecode.swift; path = ImageCache.swift; sourceTree = "<group>"; };
		385A713D2C004DA500659C2D /* SearchViewController.swift */ = {isa = PBXFileReference; lastKnownFileType = sourcecode.swift; path = SearchViewController.swift; sourceTree = "<group>"; };
		385A71402C004E1C00659C2D /* LibraryViewController.swift */ = {isa = PBXFileReference; lastKnownFileType = sourcecode.swift; path = LibraryViewController.swift; sourceTree = "<group>"; };
		385A71422C011DAE00659C2D /* BrowseItem.swift */ = {isa = PBXFileReference; lastKnownFileType = sourcecode.swift; path = BrowseItem.swift; sourceTree = "<group>"; };
		385A71442C01230200659C2D /* LibraryCoordinator.swift */ = {isa = PBXFileReference; lastKnownFileType = sourcecode.swift; path = LibraryCoordinator.swift; sourceTree = "<group>"; };
		385A71462C01240000659C2D /* LibraryAssembly.swift */ = {isa = PBXFileReference; lastKnownFileType = sourcecode.swift; path = LibraryAssembly.swift; sourceTree = "<group>"; };
		385A71482C01244C00659C2D /* LibraryDataSource.swift */ = {isa = PBXFileReference; lastKnownFileType = sourcecode.swift; path = LibraryDataSource.swift; sourceTree = "<group>"; };
		385A714A2C01267500659C2D /* LibraryViewModel.swift */ = {isa = PBXFileReference; lastKnownFileType = sourcecode.swift; path = LibraryViewModel.swift; sourceTree = "<group>"; };
		385A714C2C01438100659C2D /* AlbumsResponse.swift */ = {isa = PBXFileReference; lastKnownFileType = sourcecode.swift; path = AlbumsResponse.swift; sourceTree = "<group>"; };
		385A714E2C01469900659C2D /* SavedPlaylistsResponse.swift */ = {isa = PBXFileReference; lastKnownFileType = sourcecode.swift; path = SavedPlaylistsResponse.swift; sourceTree = "<group>"; };
		385A71502C01477B00659C2D /* ArtistsResponse.swift */ = {isa = PBXFileReference; lastKnownFileType = sourcecode.swift; path = ArtistsResponse.swift; sourceTree = "<group>"; };
		385D0A3A2BF45AB80076A5F3 /* NetworkManager.swift */ = {isa = PBXFileReference; fileEncoding = 4; lastKnownFileType = sourcecode.swift; path = NetworkManager.swift; sourceTree = "<group>"; };
		385D0A3B2BF45AB80076A5F3 /* NetworkManagerErrors.swift */ = {isa = PBXFileReference; fileEncoding = 4; lastKnownFileType = sourcecode.swift; path = NetworkManagerErrors.swift; sourceTree = "<group>"; };
		385D0A3C2BF45AB80076A5F3 /* CachedResponse.swift */ = {isa = PBXFileReference; fileEncoding = 4; lastKnownFileType = sourcecode.swift; path = CachedResponse.swift; sourceTree = "<group>"; };
		385D0A3D2BF45AB80076A5F3 /* AlbumEndpoint.swift */ = {isa = PBXFileReference; fileEncoding = 4; lastKnownFileType = sourcecode.swift; path = AlbumEndpoint.swift; sourceTree = "<group>"; };
		385D0A3E2BF45AB80076A5F3 /* ArtistEndpoint.swift */ = {isa = PBXFileReference; fileEncoding = 4; lastKnownFileType = sourcecode.swift; path = ArtistEndpoint.swift; sourceTree = "<group>"; };
		385D0A3F2BF45AB80076A5F3 /* BrowseEndpoint.swift */ = {isa = PBXFileReference; fileEncoding = 4; lastKnownFileType = sourcecode.swift; path = BrowseEndpoint.swift; sourceTree = "<group>"; };
		385D0A402BF45AB80076A5F3 /* EndpointProtocol.swift */ = {isa = PBXFileReference; fileEncoding = 4; lastKnownFileType = sourcecode.swift; path = EndpointProtocol.swift; sourceTree = "<group>"; };
		385D0A412BF45AB80076A5F3 /* PlaylistsEndpoint.swift */ = {isa = PBXFileReference; fileEncoding = 4; lastKnownFileType = sourcecode.swift; path = PlaylistsEndpoint.swift; sourceTree = "<group>"; };
		385D0A422BF45AB80076A5F3 /* ProfileEndpoint.swift */ = {isa = PBXFileReference; fileEncoding = 4; lastKnownFileType = sourcecode.swift; path = ProfileEndpoint.swift; sourceTree = "<group>"; };
		385D0A432BF45AB80076A5F3 /* RecommendationsEndpoint.swift */ = {isa = PBXFileReference; fileEncoding = 4; lastKnownFileType = sourcecode.swift; path = RecommendationsEndpoint.swift; sourceTree = "<group>"; };
		385D0A442BF45AB80076A5F3 /* SearchEndpoint.swift */ = {isa = PBXFileReference; fileEncoding = 4; lastKnownFileType = sourcecode.swift; path = SearchEndpoint.swift; sourceTree = "<group>"; };
		385D0A452BF45AB80076A5F3 /* UsersSavedAlbums.swift */ = {isa = PBXFileReference; fileEncoding = 4; lastKnownFileType = sourcecode.swift; path = UsersSavedAlbums.swift; sourceTree = "<group>"; };
		385D0A462BF45AB80076A5F3 /* UsersTopArtistEnpoint.swift */ = {isa = PBXFileReference; fileEncoding = 4; lastKnownFileType = sourcecode.swift; path = UsersTopArtistEnpoint.swift; sourceTree = "<group>"; };
		385D0A622BF45AD20076A5F3 /* NetworkManagerProtocol.swift */ = {isa = PBXFileReference; lastKnownFileType = sourcecode.swift; path = NetworkManagerProtocol.swift; sourceTree = "<group>"; };
		385D0A652BF45B900076A5F3 /* AuthManagerProtocol.swift */ = {isa = PBXFileReference; lastKnownFileType = sourcecode.swift; path = AuthManagerProtocol.swift; sourceTree = "<group>"; };
		385D0A682BF45BE90076A5F3 /* AuthManager.swift */ = {isa = PBXFileReference; fileEncoding = 4; lastKnownFileType = sourcecode.swift; path = AuthManager.swift; sourceTree = "<group>"; };
		385D0A6B2BF45D4D0076A5F3 /* AuthConstants.swift */ = {isa = PBXFileReference; lastKnownFileType = sourcecode.swift; path = AuthConstants.swift; sourceTree = "<group>"; };
		385D0A702BF465DE0076A5F3 /* AuthResponse.swift */ = {isa = PBXFileReference; fileEncoding = 4; lastKnownFileType = sourcecode.swift; path = AuthResponse.swift; sourceTree = "<group>"; };
		389805302C5EFE6E001E02D7 /* UIViewController+Extensions.swift */ = {isa = PBXFileReference; lastKnownFileType = sourcecode.swift; path = "UIViewController+Extensions.swift"; sourceTree = "<group>"; };
		389805322C5F2C2D001E02D7 /* ItemDetailsModel.swift */ = {isa = PBXFileReference; lastKnownFileType = sourcecode.swift; path = ItemDetailsModel.swift; sourceTree = "<group>"; };
/* End PBXFileReference section */

/* Begin PBXFrameworksBuildPhase section */
		3820201C2BF3046800368FA7 /* Frameworks */ = {
			isa = PBXFrameworksBuildPhase;
			buildActionMask = 2147483647;
			files = (
				3845A0182C69DE3D00898F4E /* KeychainSwift in Frameworks */,
			);
			runOnlyForDeploymentPostprocessing = 0;
		};
		382020322BF3046B00368FA7 /* Frameworks */ = {
			isa = PBXFrameworksBuildPhase;
			buildActionMask = 2147483647;
			files = (
			);
			runOnlyForDeploymentPostprocessing = 0;
		};
		3820203C2BF3046B00368FA7 /* Frameworks */ = {
			isa = PBXFrameworksBuildPhase;
			buildActionMask = 2147483647;
			files = (
			);
			runOnlyForDeploymentPostprocessing = 0;
		};
/* End PBXFrameworksBuildPhase section */

/* Begin PBXGroup section */
		38081D0F2C607E4F00D8E6E2 /* Profile */ = {
			isa = PBXGroup;
			children = (
				38081D102C607E8900D8E6E2 /* ProfileDataSource.swift */,
				38081D122C607EA200D8E6E2 /* ProfileViewModel.swift */,
				38081D142C607ECB00D8E6E2 /* ProfileAssembly.swift */,
				38081D162C607F9D00D8E6E2 /* ProfileViewController.swift */,
			);
			path = Profile;
			sourceTree = "<group>";
		};
		382020162BF3046800368FA7 = {
			isa = PBXGroup;
			children = (
				382020212BF3046800368FA7 /* MusicApp */,
				382020382BF3046B00368FA7 /* MusicAppTests */,
				382020202BF3046800368FA7 /* Products */,
				3845A0162C69DE3D00898F4E /* Frameworks */,
			);
			sourceTree = "<group>";
		};
		382020202BF3046800368FA7 /* Products */ = {
			isa = PBXGroup;
			children = (
				3820201F2BF3046800368FA7 /* MusicApp.app */,
				382020352BF3046B00368FA7 /* MusicAppTests.xctest */,
				3820203F2BF3046B00368FA7 /* MusicAppUITests.xctest */,
			);
			name = Products;
			sourceTree = "<group>";
		};
		382020212BF3046800368FA7 /* MusicApp */ = {
			isa = PBXGroup;
			children = (
				385A710A2BFAB17C00659C2D /* Views */,
				385A70D92BF9442300659C2D /* Utils */,
				3857EDC12BF5293F00F2B8ED /* Extensions */,
				385D0A6E2BF464BA0076A5F3 /* Models */,
				385D0A352BF4597B0076A5F3 /* Services */,
				382020302BF3046B00368FA7 /* Info.plist */,
				382020572BF30FE300368FA7 /* Modules */,
				382020562BF30FC500368FA7 /* Resources */,
				382020552BF30FAF00368FA7 /* Application */,
				382020522BF30AE600368FA7 /* Protocols */,
			);
			path = MusicApp;
			sourceTree = "<group>";
		};
		382020382BF3046B00368FA7 /* MusicAppTests */ = {
			isa = PBXGroup;
			children = (
				382020392BF3046B00368FA7 /* MusicAppTests.swift */,
			);
			path = MusicAppTests;
			sourceTree = "<group>";
		};
		382020522BF30AE600368FA7 /* Protocols */ = {
			isa = PBXGroup;
			children = (
				382020532BF30B0200368FA7 /* CoordinatorProtocol.swift */,
				3857EDD62BF69D7B00F2B8ED /* AssemblyProtocol.swift */,
				3857EDD82BF6B16600F2B8ED /* ServiceDataSourceProtocol.swift */,
				385A71082BFA8ED800659C2D /* CellItemProtocol.swift */,
			);
			path = Protocols;
			sourceTree = "<group>";
		};
		382020552BF30FAF00368FA7 /* Application */ = {
			isa = PBXGroup;
			children = (
				382020222BF3046900368FA7 /* AppDelegate.swift */,
				382020242BF3046900368FA7 /* SceneDelegate.swift */,
				3801A7E22BF3132500AD60DE /* AppCoordinator.swift */,
			);
			path = Application;
			sourceTree = "<group>";
		};
		382020562BF30FC500368FA7 /* Resources */ = {
			isa = PBXGroup;
			children = (
				385A710E2BFAB51E00659C2D /* LaunchScreen.storyboard */,
				3820202B2BF3046B00368FA7 /* Assets.xcassets */,
			);
			path = Resources;
			sourceTree = "<group>";
		};
		382020572BF30FE300368FA7 /* Modules */ = {
			isa = PBXGroup;
			children = (
				38081D0F2C607E4F00D8E6E2 /* Profile */,
				385A713F2C004E0000659C2D /* Library */,
				385A713C2C004D7C00659C2D /* Search */,
				385A71282BFE6B3D00659C2D /* Details */,
				385A70CC2BF8674100659C2D /* Main */,
				385A70CB2BF85D3400659C2D /* Browse */,
				3857EDC82BF569FA00F2B8ED /* Auth */,
			);
			path = Modules;
			sourceTree = "<group>";
		};
		3845A0162C69DE3D00898F4E /* Frameworks */ = {
			isa = PBXGroup;
			children = (
			);
			name = Frameworks;
			sourceTree = "<group>";
		};
		3857EDBF2BF528D800F2B8ED /* ServiceLocator */ = {
			isa = PBXGroup;
			children = (
				3857EDC02BF528E400F2B8ED /* Protocols */,
				3857EDC42BF540EF00F2B8ED /* ServiceLocator.swift */,
			);
			path = ServiceLocator;
			sourceTree = "<group>";
		};
		3857EDC02BF528E400F2B8ED /* Protocols */ = {
			isa = PBXGroup;
			children = (
				3857EDC22BF53EE900F2B8ED /* ServiceLocatorProtocol.swift */,
			);
			path = Protocols;
			sourceTree = "<group>";
		};
		3857EDC12BF5293F00F2B8ED /* Extensions */ = {
			isa = PBXGroup;
			children = (
				385A71152BFC404F00659C2D /* UIImageView+LoadImage.swift */,
				3857EDC62BF5692700F2B8ED /* UIView+AddSubviews.swift */,
				3823FFFE2C5729B90079B746 /* UICollectionView+Extensions.swift */,
				389805302C5EFE6E001E02D7 /* UIViewController+Extensions.swift */,
			);
			path = Extensions;
			sourceTree = "<group>";
		};
		3857EDC82BF569FA00F2B8ED /* Auth */ = {
			isa = PBXGroup;
			children = (
				385A70C92BF85D1400659C2D /* Welcome */,
				3857EDCB2BF69CB600F2B8ED /* SignIn */,
				3857EDC92BF56A1100F2B8ED /* AuthCoordinator.swift */,
			);
			path = Auth;
			sourceTree = "<group>";
		};
		3857EDCB2BF69CB600F2B8ED /* SignIn */ = {
			isa = PBXGroup;
			children = (
				3857EDCC2BF69CE800F2B8ED /* SignInViewModel.swift */,
				3857EDCE2BF69CF800F2B8ED /* SignInDataSource.swift */,
				3857EDD02BF69D1600F2B8ED /* SignInViewAssembly.swift */,
				3857EDD22BF69D3500F2B8ED /* SignInViewController.swift */,
			);
			path = SignIn;
			sourceTree = "<group>";
		};
		385A70C92BF85D1400659C2D /* Welcome */ = {
			isa = PBXGroup;
			children = (
				382020262BF3046900368FA7 /* WelcomeViewController.swift */,
			);
			path = Welcome;
			sourceTree = "<group>";
		};
		385A70CB2BF85D3400659C2D /* Browse */ = {
			isa = PBXGroup;
			children = (
				382020582BF3100F00368FA7 /* BrowseViewController.swift */,
				385A70D12BF8718900659C2D /* BrowseCoordinator.swift */,
				385A70D32BF8721600659C2D /* BrowseDataSource.swift */,
				385A70D52BF8731F00659C2D /* BrowseViewModel.swift */,
				385A70D72BF8737E00659C2D /* BrowseViewAssembly.swift */,
			);
			path = Browse;
			sourceTree = "<group>";
		};
		385A70CC2BF8674100659C2D /* Main */ = {
			isa = PBXGroup;
			children = (
				385A70CD2BF867BE00659C2D /* MainTabBarController.swift */,
				385A70CF2BF867FD00659C2D /* MainCoordinator.swift */,
			);
			path = Main;
			sourceTree = "<group>";
		};
		385A70D92BF9442300659C2D /* Utils */ = {
			isa = PBXGroup;
			children = (
				385A71102BFB275D00659C2D /* CollectionUIHelper.swift */,
				385A713A2C00334700659C2D /* ImageCache.swift */,
			);
			path = Utils;
			sourceTree = "<group>";
		};
		385A70F22BF9A77300659C2D /* Shared */ = {
			isa = PBXGroup;
			children = (
				385A71062BFA8C6500659C2D /* Playlist.swift */,
				385A71022BF9A88F00659C2D /* Genres.swift */,
				385A70EB2BF9A77300659C2D /* Artist.swift */,
				385A70EC2BF9A77300659C2D /* Followers.swift */,
				385A70ED2BF9A77300659C2D /* Images.swift */,
				385A70EE2BF9A77300659C2D /* ItemType.swift */,
				385A70EF2BF9A77300659C2D /* Owner.swift */,
				385A70F02BF9A77300659C2D /* Restrictions.swift */,
				385A70F12BF9A77300659C2D /* Track.swift */,
				385A70FA2BF9A79000659C2D /* Album.swift */,
			);
			path = Shared;
			sourceTree = "<group>";
		};
		385A710A2BFAB17C00659C2D /* Views */ = {
			isa = PBXGroup;
			children = (
				385A71172BFC407600659C2D /* Image */,
				385A71122BFB302E00659C2D /* Headers */,
				385A710B2BFAB18D00659C2D /* Cells */,
			);
			path = Views;
			sourceTree = "<group>";
		};
		385A710B2BFAB18D00659C2D /* Cells */ = {
			isa = PBXGroup;
			children = (
				385A71372C0025A900659C2D /* Decorator */,
				385A71232BFC4CE600659C2D /* Tracks */,
				385A71222BFC4CD400659C2D /* Cards */,
				385A71132BFBC31D00659C2D /* CellConfigurationProtocol.swift */,
			);
			path = Cells;
			sourceTree = "<group>";
		};
		385A71122BFB302E00659C2D /* Headers */ = {
			isa = PBXGroup;
			children = (
				385A711B2BFC42C700659C2D /* AlbumsPageHeader.swift */,
				385A711A2BFC42C700659C2D /* SectionHeader.swift */,
			);
			path = Headers;
			sourceTree = "<group>";
		};
		385A71172BFC407600659C2D /* Image */ = {
			isa = PBXGroup;
			children = (
				385A71182BFC40B100659C2D /* AsyncImageView.swift */,
			);
			path = Image;
			sourceTree = "<group>";
		};
		385A71222BFC4CD400659C2D /* Cards */ = {
			isa = PBXGroup;
			children = (
				385A71352BFF017F00659C2D /* ItemViewCell.swift */,
				385A71202BFC462D00659C2D /* CoverCollectionViewCell.swift */,
				385A711E2BFC441E00659C2D /* FeaturedCollectionViewCell.swift */,
				385A710C2BFAB1F400659C2D /* CategoryCollectionViewCell.swift */,
			);
			path = Cards;
			sourceTree = "<group>";
		};
		385A71232BFC4CE600659C2D /* Tracks */ = {
			isa = PBXGroup;
			children = (
				385A71252BFC4CFF00659C2D /* AlbumTrackCollectionViewCell.swift */,
				385A71242BFC4CFF00659C2D /* PlaylistTrackCollectionViewCell.swift */,
			);
			path = Tracks;
			sourceTree = "<group>";
		};
		385A71282BFE6B3D00659C2D /* Details */ = {
			isa = PBXGroup;
			children = (
				385A712A2BFE6B6A00659C2D /* ArtistDetails */,
				385A71292BFE6B5F00659C2D /* ItemDetails */,
			);
			path = Details;
			sourceTree = "<group>";
		};
		385A71292BFE6B5F00659C2D /* ItemDetails */ = {
			isa = PBXGroup;
			children = (
				385A712B2BFE6BA900659C2D /* ItemDetailsViewController.swift */,
				385A712D2BFE6C3D00659C2D /* ItemDetailsDataSource.swift */,
				385A712F2BFE6C5000659C2D /* ItemDetailsViewModel.swift */,
				385A71312BFE6C7000659C2D /* ItemDetailsCoordinator.swift */,
				385A71332BFEC1A900659C2D /* ItemDetailsAssembly.swift */,
			);
			path = ItemDetails;
			sourceTree = "<group>";
		};
		385A712A2BFE6B6A00659C2D /* ArtistDetails */ = {
			isa = PBXGroup;
			children = (
			);
			path = ArtistDetails;
			sourceTree = "<group>";
		};
		385A71372C0025A900659C2D /* Decorator */ = {
			isa = PBXGroup;
			children = (
				385A71382C0025E300659C2D /* SectionDecorator.swift */,
			);
			path = Decorator;
			sourceTree = "<group>";
		};
		385A713C2C004D7C00659C2D /* Search */ = {
			isa = PBXGroup;
			children = (
				385A713D2C004DA500659C2D /* SearchViewController.swift */,
			);
			path = Search;
			sourceTree = "<group>";
		};
		385A713F2C004E0000659C2D /* Library */ = {
			isa = PBXGroup;
			children = (
				385A71402C004E1C00659C2D /* LibraryViewController.swift */,
				385A71442C01230200659C2D /* LibraryCoordinator.swift */,
				385A71462C01240000659C2D /* LibraryAssembly.swift */,
				385A71482C01244C00659C2D /* LibraryDataSource.swift */,
				385A714A2C01267500659C2D /* LibraryViewModel.swift */,
			);
			path = Library;
			sourceTree = "<group>";
		};
		385D0A352BF4597B0076A5F3 /* Services */ = {
			isa = PBXGroup;
			children = (
				3857EDBF2BF528D800F2B8ED /* ServiceLocator */,
				385D0A372BF4599C0076A5F3 /* AuthManager */,
				385D0A362BF4598E0076A5F3 /* NetworkManager */,
			);
			path = Services;
			sourceTree = "<group>";
		};
		385D0A362BF4598E0076A5F3 /* NetworkManager */ = {
			isa = PBXGroup;
			children = (
				385D0A382BF45A0D0076A5F3 /* Protocols */,
				385D0A472BF45AB80076A5F3 /* Endpoints */,
				385D0A3A2BF45AB80076A5F3 /* NetworkManager.swift */,
				385D0A3B2BF45AB80076A5F3 /* NetworkManagerErrors.swift */,
				385D0A3C2BF45AB80076A5F3 /* CachedResponse.swift */,
			);
			path = NetworkManager;
			sourceTree = "<group>";
		};
		385D0A372BF4599C0076A5F3 /* AuthManager */ = {
			isa = PBXGroup;
			children = (
				385D0A392BF45A170076A5F3 /* Protocols */,
				385D0A682BF45BE90076A5F3 /* AuthManager.swift */,
				385D0A6B2BF45D4D0076A5F3 /* AuthConstants.swift */,
			);
			path = AuthManager;
			sourceTree = "<group>";
		};
		385D0A382BF45A0D0076A5F3 /* Protocols */ = {
			isa = PBXGroup;
			children = (
				385D0A402BF45AB80076A5F3 /* EndpointProtocol.swift */,
				385D0A622BF45AD20076A5F3 /* NetworkManagerProtocol.swift */,
			);
			path = Protocols;
			sourceTree = "<group>";
		};
		385D0A392BF45A170076A5F3 /* Protocols */ = {
			isa = PBXGroup;
			children = (
				385D0A652BF45B900076A5F3 /* AuthManagerProtocol.swift */,
			);
			path = Protocols;
			sourceTree = "<group>";
		};
		385D0A472BF45AB80076A5F3 /* Endpoints */ = {
			isa = PBXGroup;
			children = (
				385D0A3D2BF45AB80076A5F3 /* AlbumEndpoint.swift */,
				385D0A3E2BF45AB80076A5F3 /* ArtistEndpoint.swift */,
				385D0A3F2BF45AB80076A5F3 /* BrowseEndpoint.swift */,
				385D0A412BF45AB80076A5F3 /* PlaylistsEndpoint.swift */,
				385D0A422BF45AB80076A5F3 /* ProfileEndpoint.swift */,
				385D0A432BF45AB80076A5F3 /* RecommendationsEndpoint.swift */,
				385D0A442BF45AB80076A5F3 /* SearchEndpoint.swift */,
				385D0A452BF45AB80076A5F3 /* UsersSavedAlbums.swift */,
				385D0A462BF45AB80076A5F3 /* UsersTopArtistEnpoint.swift */,
			);
			path = Endpoints;
			sourceTree = "<group>";
		};
		385D0A6E2BF464BA0076A5F3 /* Models */ = {
			isa = PBXGroup;
			children = (
				385A70F22BF9A77300659C2D /* Shared */,
				385D0A6F2BF465BC0076A5F3 /* APIResponse */,
				385A71422C011DAE00659C2D /* BrowseItem.swift */,
				389805322C5F2C2D001E02D7 /* ItemDetailsModel.swift */,
			);
			path = Models;
			sourceTree = "<group>";
		};
		385D0A6F2BF465BC0076A5F3 /* APIResponse */ = {
			isa = PBXGroup;
			children = (
				385A71042BF9A89F00659C2D /* TopArtists.swift */,
				385A71002BF9A88000659C2D /* FeaturedPlaylists.swift */,
				385A70FE2BF9A86E00659C2D /* Recommendations.swift */,
				385A70FC2BF9A83A00659C2D /* NewReleases.swift */,
				385D0A702BF465DE0076A5F3 /* AuthResponse.swift */,
				385A70DD2BF9A74C00659C2D /* AlbumResponse.swift */,
				385A70E42BF9A75F00659C2D /* ArtistResponse.swift */,
				385A70E32BF9A75F00659C2D /* CategoriesResponse.swift */,
				385A70DF2BF9A75F00659C2D /* PlaylistResponse.swift */,
				385A70E02BF9A75F00659C2D /* ProfileResponse.swift */,
				385A70E12BF9A75F00659C2D /* SavedAlbumResponse.swift */,
				385A70E22BF9A75F00659C2D /* SearchResponse.swift */,
				385A714C2C01438100659C2D /* AlbumsResponse.swift */,
				385A714E2C01469900659C2D /* SavedPlaylistsResponse.swift */,
				385A71502C01477B00659C2D /* ArtistsResponse.swift */,
			);
			path = APIResponse;
			sourceTree = "<group>";
		};
/* End PBXGroup section */

/* Begin PBXNativeTarget section */
		3820201E2BF3046800368FA7 /* MusicApp */ = {
			isa = PBXNativeTarget;
			buildConfigurationList = 382020492BF3046B00368FA7 /* Build configuration list for PBXNativeTarget "MusicApp" */;
			buildPhases = (
				3820201B2BF3046800368FA7 /* Sources */,
				3820201C2BF3046800368FA7 /* Frameworks */,
				3820201D2BF3046800368FA7 /* Resources */,
				380728D62C2155EC00090BBD /* ShellScript */,
			);
			buildRules = (
			);
			dependencies = (
			);
			name = MusicApp;
			packageProductDependencies = (
				3845A0172C69DE3D00898F4E /* KeychainSwift */,
			);
			productName = MusicApp;
			productReference = 3820201F2BF3046800368FA7 /* MusicApp.app */;
			productType = "com.apple.product-type.application";
		};
		382020342BF3046B00368FA7 /* MusicAppTests */ = {
			isa = PBXNativeTarget;
			buildConfigurationList = 3820204C2BF3046B00368FA7 /* Build configuration list for PBXNativeTarget "MusicAppTests" */;
			buildPhases = (
				382020312BF3046B00368FA7 /* Sources */,
				382020322BF3046B00368FA7 /* Frameworks */,
				382020332BF3046B00368FA7 /* Resources */,
			);
			buildRules = (
			);
			dependencies = (
				382020372BF3046B00368FA7 /* PBXTargetDependency */,
			);
			name = MusicAppTests;
			productName = MusicAppTests;
			productReference = 382020352BF3046B00368FA7 /* MusicAppTests.xctest */;
			productType = "com.apple.product-type.bundle.unit-test";
		};
		3820203E2BF3046B00368FA7 /* MusicAppUITests */ = {
			isa = PBXNativeTarget;
			buildConfigurationList = 3820204F2BF3046B00368FA7 /* Build configuration list for PBXNativeTarget "MusicAppUITests" */;
			buildPhases = (
				3820203B2BF3046B00368FA7 /* Sources */,
				3820203C2BF3046B00368FA7 /* Frameworks */,
				3820203D2BF3046B00368FA7 /* Resources */,
			);
			buildRules = (
			);
			dependencies = (
				382020412BF3046B00368FA7 /* PBXTargetDependency */,
			);
			name = MusicAppUITests;
			productName = MusicAppUITests;
			productReference = 3820203F2BF3046B00368FA7 /* MusicAppUITests.xctest */;
			productType = "com.apple.product-type.bundle.ui-testing";
		};
/* End PBXNativeTarget section */

/* Begin PBXProject section */
		382020172BF3046800368FA7 /* Project object */ = {
			isa = PBXProject;
			attributes = {
				BuildIndependentTargetsInParallel = 1;
				LastSwiftUpdateCheck = 1530;
				LastUpgradeCheck = 1530;
				TargetAttributes = {
					3820201E2BF3046800368FA7 = {
						CreatedOnToolsVersion = 15.3;
					};
					382020342BF3046B00368FA7 = {
						CreatedOnToolsVersion = 15.3;
						TestTargetID = 3820201E2BF3046800368FA7;
					};
					3820203E2BF3046B00368FA7 = {
						CreatedOnToolsVersion = 15.3;
						TestTargetID = 3820201E2BF3046800368FA7;
					};
				};
			};
			buildConfigurationList = 3820201A2BF3046800368FA7 /* Build configuration list for PBXProject "MusicApp" */;
			compatibilityVersion = "Xcode 14.0";
			developmentRegion = en;
			hasScannedForEncodings = 0;
			knownRegions = (
				en,
				Base,
			);
			mainGroup = 382020162BF3046800368FA7;
			packageReferences = (
				3845A0152C69DB8E00898F4E /* XCRemoteSwiftPackageReference "keychain-swift" */,
			);
			productRefGroup = 382020202BF3046800368FA7 /* Products */;
			projectDirPath = "";
			projectRoot = "";
			targets = (
				3820201E2BF3046800368FA7 /* MusicApp */,
				382020342BF3046B00368FA7 /* MusicAppTests */,
				3820203E2BF3046B00368FA7 /* MusicAppUITests */,
			);
		};
/* End PBXProject section */

/* Begin PBXResourcesBuildPhase section */
		3820201D2BF3046800368FA7 /* Resources */ = {
			isa = PBXResourcesBuildPhase;
			buildActionMask = 2147483647;
			files = (
				385A710F2BFAB51E00659C2D /* LaunchScreen.storyboard in Resources */,
				3820202C2BF3046B00368FA7 /* Assets.xcassets in Resources */,
			);
			runOnlyForDeploymentPostprocessing = 0;
		};
		382020332BF3046B00368FA7 /* Resources */ = {
			isa = PBXResourcesBuildPhase;
			buildActionMask = 2147483647;
			files = (
			);
			runOnlyForDeploymentPostprocessing = 0;
		};
		3820203D2BF3046B00368FA7 /* Resources */ = {
			isa = PBXResourcesBuildPhase;
			buildActionMask = 2147483647;
			files = (
			);
			runOnlyForDeploymentPostprocessing = 0;
		};
/* End PBXResourcesBuildPhase section */

/* Begin PBXShellScriptBuildPhase section */
		380728D62C2155EC00090BBD /* ShellScript */ = {
			isa = PBXShellScriptBuildPhase;
			buildActionMask = 2147483647;
			files = (
			);
			inputFileListPaths = (
			);
			inputPaths = (
			);
			outputFileListPaths = (
			);
			outputPaths = (
			);
			runOnlyForDeploymentPostprocessing = 0;
			shellPath = /bin/sh;
			shellScript = "if command -v swiftlint >/dev/null 2>&1\nthen\n    swiftlint\nelse\n    echo \"warning: `swiftlint` command not found - See https://github.com/realm/SwiftLint#installation for installation instructions.\"\nfi\n";
		};
/* End PBXShellScriptBuildPhase section */

/* Begin PBXSourcesBuildPhase section */
		3820201B2BF3046800368FA7 /* Sources */ = {
			isa = PBXSourcesBuildPhase;
			buildActionMask = 2147483647;
			files = (
				385A70E62BF9A75F00659C2D /* ProfileResponse.swift in Sources */,
				385A71412C004E1C00659C2D /* LibraryViewController.swift in Sources */,
				385A71012BF9A88000659C2D /* FeaturedPlaylists.swift in Sources */,
				385A71362BFF017F00659C2D /* ItemViewCell.swift in Sources */,
				389805312C5EFE6F001E02D7 /* UIViewController+Extensions.swift in Sources */,
				385A70F42BF9A77300659C2D /* Followers.swift in Sources */,
				3857EDC32BF53EE900F2B8ED /* ServiceLocatorProtocol.swift in Sources */,
				3801A7E32BF3132500AD60DE /* AppCoordinator.swift in Sources */,
				385D0A5A2BF45AB80076A5F3 /* RecommendationsEndpoint.swift in Sources */,
				385A71032BF9A88F00659C2D /* Genres.swift in Sources */,
				385A710D2BFAB1F400659C2D /* CategoryCollectionViewCell.swift in Sources */,
				382020592BF3100F00368FA7 /* BrowseViewController.swift in Sources */,
				385A71212BFC462D00659C2D /* CoverCollectionViewCell.swift in Sources */,
				385A70D62BF8731F00659C2D /* BrowseViewModel.swift in Sources */,
				385A70E72BF9A75F00659C2D /* SavedAlbumResponse.swift in Sources */,
				385A70D22BF8718900659C2D /* BrowseCoordinator.swift in Sources */,
				385A711C2BFC42C700659C2D /* SectionHeader.swift in Sources */,
				385A714F2C01469900659C2D /* SavedPlaylistsResponse.swift in Sources */,
				385A71142BFBC31D00659C2D /* CellConfigurationProtocol.swift in Sources */,
				385A70D42BF8721600659C2D /* BrowseDataSource.swift in Sources */,
				385A70FD2BF9A83A00659C2D /* NewReleases.swift in Sources */,
				3857EDC52BF540EF00F2B8ED /* ServiceLocator.swift in Sources */,
				38081D112C607E8900D8E6E2 /* ProfileDataSource.swift in Sources */,
				385A71452C01230200659C2D /* LibraryCoordinator.swift in Sources */,
				385A71322BFE6C7000659C2D /* ItemDetailsCoordinator.swift in Sources */,
				385A71162BFC404F00659C2D /* UIImageView+LoadImage.swift in Sources */,
				385A711F2BFC441F00659C2D /* FeaturedCollectionViewCell.swift in Sources */,
				385D0A542BF45AB80076A5F3 /* EndpointProtocol.swift in Sources */,
				382020272BF3046900368FA7 /* WelcomeViewController.swift in Sources */,
				385A70F72BF9A77300659C2D /* Owner.swift in Sources */,
				3857EDD12BF69D1600F2B8ED /* SignInViewAssembly.swift in Sources */,
				385D0A482BF45AB80076A5F3 /* NetworkManager.swift in Sources */,
				38081D172C607F9D00D8E6E2 /* ProfileViewController.swift in Sources */,
				385A70E52BF9A75F00659C2D /* PlaylistResponse.swift in Sources */,
				385A71492C01244C00659C2D /* LibraryDataSource.swift in Sources */,
				3857EDC72BF5692700F2B8ED /* UIView+AddSubviews.swift in Sources */,
				385D0A6C2BF45D4D0076A5F3 /* AuthConstants.swift in Sources */,
				385A70FB2BF9A79000659C2D /* Album.swift in Sources */,
				385D0A5C2BF45AB80076A5F3 /* SearchEndpoint.swift in Sources */,
				385A71302BFE6C5000659C2D /* ItemDetailsViewModel.swift in Sources */,
				385A714D2C01438100659C2D /* AlbumsResponse.swift in Sources */,
				385A70EA2BF9A75F00659C2D /* ArtistResponse.swift in Sources */,
				385D0A4E2BF45AB80076A5F3 /* AlbumEndpoint.swift in Sources */,
				385A70D82BF8737E00659C2D /* BrowseViewAssembly.swift in Sources */,
				385A70E92BF9A75F00659C2D /* CategoriesResponse.swift in Sources */,
				385A712C2BFE6BA900659C2D /* ItemDetailsViewController.swift in Sources */,
				385A71272BFC4CFF00659C2D /* AlbumTrackCollectionViewCell.swift in Sources */,
				385A714B2C01267500659C2D /* LibraryViewModel.swift in Sources */,
				385A713B2C00334700659C2D /* ImageCache.swift in Sources */,
				385D0A5E2BF45AB80076A5F3 /* UsersSavedAlbums.swift in Sources */,
				382020232BF3046900368FA7 /* AppDelegate.swift in Sources */,
				3857EDCF2BF69CF800F2B8ED /* SignInDataSource.swift in Sources */,
				385D0A522BF45AB80076A5F3 /* BrowseEndpoint.swift in Sources */,
				385A70CE2BF867BE00659C2D /* MainTabBarController.swift in Sources */,
				385A71072BFA8C6500659C2D /* Playlist.swift in Sources */,
				385A70FF2BF9A86E00659C2D /* Recommendations.swift in Sources */,
				385D0A502BF45AB80076A5F3 /* ArtistEndpoint.swift in Sources */,
				385A70E82BF9A75F00659C2D /* SearchResponse.swift in Sources */,
				385A70F82BF9A77300659C2D /* Restrictions.swift in Sources */,
				385A71112BFB275D00659C2D /* CollectionUIHelper.swift in Sources */,
				385D0A662BF45B900076A5F3 /* AuthManagerProtocol.swift in Sources */,
				385A70F32BF9A77300659C2D /* Artist.swift in Sources */,
				385A70DE2BF9A74C00659C2D /* AlbumResponse.swift in Sources */,
				385A71512C01477B00659C2D /* ArtistsResponse.swift in Sources */,
				382020542BF30B0200368FA7 /* CoordinatorProtocol.swift in Sources */,
				3857EDCA2BF56A1100F2B8ED /* AuthCoordinator.swift in Sources */,
				382020252BF3046900368FA7 /* SceneDelegate.swift in Sources */,
				38081D152C607ECB00D8E6E2 /* ProfileAssembly.swift in Sources */,
				3857EDD92BF6B16600F2B8ED /* ServiceDataSourceProtocol.swift in Sources */,
				385A71052BF9A89F00659C2D /* TopArtists.swift in Sources */,
				385A71432C011DAE00659C2D /* BrowseItem.swift in Sources */,
				385A712E2BFE6C3D00659C2D /* ItemDetailsDataSource.swift in Sources */,
				385A71472C01240000659C2D /* LibraryAssembly.swift in Sources */,
				385D0A582BF45AB80076A5F3 /* ProfileEndpoint.swift in Sources */,
				385A70D02BF867FD00659C2D /* MainCoordinator.swift in Sources */,
				385A70F92BF9A77300659C2D /* Track.swift in Sources */,
				3857EDD72BF69D7B00F2B8ED /* AssemblyProtocol.swift in Sources */,
				385A71092BFA8ED800659C2D /* CellItemProtocol.swift in Sources */,
				385D0A4A2BF45AB80076A5F3 /* NetworkManagerErrors.swift in Sources */,
				385A711D2BFC42C700659C2D /* AlbumsPageHeader.swift in Sources */,
				38081D132C607EA200D8E6E2 /* ProfileViewModel.swift in Sources */,
				385D0A562BF45AB80076A5F3 /* PlaylistsEndpoint.swift in Sources */,
				385D0A4C2BF45AB80076A5F3 /* CachedResponse.swift in Sources */,
				3857EDCD2BF69CE800F2B8ED /* SignInViewModel.swift in Sources */,
				385A713E2C004DA500659C2D /* SearchViewController.swift in Sources */,
				3823FFFF2C5729B90079B746 /* UICollectionView+Extensions.swift in Sources */,
				385D0A692BF45BE90076A5F3 /* AuthManager.swift in Sources */,
				3857EDD32BF69D3500F2B8ED /* SignInViewController.swift in Sources */,
				385D0A632BF45AD20076A5F3 /* NetworkManagerProtocol.swift in Sources */,
				385A70F52BF9A77300659C2D /* Images.swift in Sources */,
				385A71392C0025E300659C2D /* SectionDecorator.swift in Sources */,
				385D0A712BF465DE0076A5F3 /* AuthResponse.swift in Sources */,
				385A71192BFC40B100659C2D /* AsyncImageView.swift in Sources */,
				389805332C5F2C2D001E02D7 /* ItemDetailsModel.swift in Sources */,
				385D0A602BF45AB80076A5F3 /* UsersTopArtistEnpoint.swift in Sources */,
				385A71342BFEC1A900659C2D /* ItemDetailsAssembly.swift in Sources */,
				385A71262BFC4CFF00659C2D /* PlaylistTrackCollectionViewCell.swift in Sources */,
				385A70F62BF9A77300659C2D /* ItemType.swift in Sources */,
			);
			runOnlyForDeploymentPostprocessing = 0;
		};
		382020312BF3046B00368FA7 /* Sources */ = {
			isa = PBXSourcesBuildPhase;
			buildActionMask = 2147483647;
			files = (
				385D0A4B2BF45AB80076A5F3 /* NetworkManagerErrors.swift in Sources */,
				385D0A492BF45AB80076A5F3 /* NetworkManager.swift in Sources */,
				385D0A5D2BF45AB80076A5F3 /* SearchEndpoint.swift in Sources */,
				385D0A672BF45B900076A5F3 /* AuthManagerProtocol.swift in Sources */,
				385D0A4D2BF45AB80076A5F3 /* CachedResponse.swift in Sources */,
				385D0A572BF45AB80076A5F3 /* PlaylistsEndpoint.swift in Sources */,
				3820203A2BF3046B00368FA7 /* MusicAppTests.swift in Sources */,
				385D0A6A2BF45BE90076A5F3 /* AuthManager.swift in Sources */,
				385D0A552BF45AB80076A5F3 /* EndpointProtocol.swift in Sources */,
				385D0A6D2BF45D4D0076A5F3 /* AuthConstants.swift in Sources */,
				385D0A722BF465DE0076A5F3 /* AuthResponse.swift in Sources */,
				385D0A592BF45AB80076A5F3 /* ProfileEndpoint.swift in Sources */,
				385D0A5B2BF45AB80076A5F3 /* RecommendationsEndpoint.swift in Sources */,
				385D0A5F2BF45AB80076A5F3 /* UsersSavedAlbums.swift in Sources */,
				385D0A532BF45AB80076A5F3 /* BrowseEndpoint.swift in Sources */,
				385D0A612BF45AB80076A5F3 /* UsersTopArtistEnpoint.swift in Sources */,
				385D0A4F2BF45AB80076A5F3 /* AlbumEndpoint.swift in Sources */,
				385D0A642BF45AD20076A5F3 /* NetworkManagerProtocol.swift in Sources */,
				385D0A512BF45AB80076A5F3 /* ArtistEndpoint.swift in Sources */,
			);
			runOnlyForDeploymentPostprocessing = 0;
		};
		3820203B2BF3046B00368FA7 /* Sources */ = {
			isa = PBXSourcesBuildPhase;
			buildActionMask = 2147483647;
			files = (
			);
			runOnlyForDeploymentPostprocessing = 0;
		};
/* End PBXSourcesBuildPhase section */

/* Begin PBXTargetDependency section */
		382020372BF3046B00368FA7 /* PBXTargetDependency */ = {
			isa = PBXTargetDependency;
			target = 3820201E2BF3046800368FA7 /* MusicApp */;
			targetProxy = 382020362BF3046B00368FA7 /* PBXContainerItemProxy */;
		};
		382020412BF3046B00368FA7 /* PBXTargetDependency */ = {
			isa = PBXTargetDependency;
			target = 3820201E2BF3046800368FA7 /* MusicApp */;
			targetProxy = 382020402BF3046B00368FA7 /* PBXContainerItemProxy */;
		};
/* End PBXTargetDependency section */

/* Begin XCBuildConfiguration section */
		382020472BF3046B00368FA7 /* Debug */ = {
			isa = XCBuildConfiguration;
			buildSettings = {
				ALWAYS_SEARCH_USER_PATHS = NO;
				ASSETCATALOG_COMPILER_GENERATE_SWIFT_ASSET_SYMBOL_EXTENSIONS = YES;
				CLANG_ANALYZER_NONNULL = YES;
				CLANG_ANALYZER_NUMBER_OBJECT_CONVERSION = YES_AGGRESSIVE;
				CLANG_CXX_LANGUAGE_STANDARD = "gnu++20";
				CLANG_ENABLE_MODULES = YES;
				CLANG_ENABLE_OBJC_ARC = YES;
				CLANG_ENABLE_OBJC_WEAK = YES;
				CLANG_WARN_BLOCK_CAPTURE_AUTORELEASING = YES;
				CLANG_WARN_BOOL_CONVERSION = YES;
				CLANG_WARN_COMMA = YES;
				CLANG_WARN_CONSTANT_CONVERSION = YES;
				CLANG_WARN_DEPRECATED_OBJC_IMPLEMENTATIONS = YES;
				CLANG_WARN_DIRECT_OBJC_ISA_USAGE = YES_ERROR;
				CLANG_WARN_DOCUMENTATION_COMMENTS = YES;
				CLANG_WARN_EMPTY_BODY = YES;
				CLANG_WARN_ENUM_CONVERSION = YES;
				CLANG_WARN_INFINITE_RECURSION = YES;
				CLANG_WARN_INT_CONVERSION = YES;
				CLANG_WARN_NON_LITERAL_NULL_CONVERSION = YES;
				CLANG_WARN_OBJC_IMPLICIT_RETAIN_SELF = YES;
				CLANG_WARN_OBJC_LITERAL_CONVERSION = YES;
				CLANG_WARN_OBJC_ROOT_CLASS = YES_ERROR;
				CLANG_WARN_QUOTED_INCLUDE_IN_FRAMEWORK_HEADER = YES;
				CLANG_WARN_RANGE_LOOP_ANALYSIS = YES;
				CLANG_WARN_STRICT_PROTOTYPES = YES;
				CLANG_WARN_SUSPICIOUS_MOVE = YES;
				CLANG_WARN_UNGUARDED_AVAILABILITY = YES_AGGRESSIVE;
				CLANG_WARN_UNREACHABLE_CODE = YES;
				CLANG_WARN__DUPLICATE_METHOD_MATCH = YES;
				COPY_PHASE_STRIP = NO;
				DEBUG_INFORMATION_FORMAT = dwarf;
				ENABLE_STRICT_OBJC_MSGSEND = YES;
				ENABLE_TESTABILITY = YES;
				ENABLE_USER_SCRIPT_SANDBOXING = YES;
				GCC_C_LANGUAGE_STANDARD = gnu17;
				GCC_DYNAMIC_NO_PIC = NO;
				GCC_NO_COMMON_BLOCKS = YES;
				GCC_OPTIMIZATION_LEVEL = 0;
				GCC_PREPROCESSOR_DEFINITIONS = (
					"DEBUG=1",
					"$(inherited)",
				);
				GCC_WARN_64_TO_32_BIT_CONVERSION = YES;
				GCC_WARN_ABOUT_RETURN_TYPE = YES_ERROR;
				GCC_WARN_UNDECLARED_SELECTOR = YES;
				GCC_WARN_UNINITIALIZED_AUTOS = YES_AGGRESSIVE;
				GCC_WARN_UNUSED_FUNCTION = YES;
				GCC_WARN_UNUSED_VARIABLE = YES;
				IPHONEOS_DEPLOYMENT_TARGET = 17.2;
				LOCALIZATION_PREFERS_STRING_CATALOGS = YES;
				MTL_ENABLE_DEBUG_INFO = INCLUDE_SOURCE;
				MTL_FAST_MATH = YES;
				ONLY_ACTIVE_ARCH = YES;
				SDKROOT = iphoneos;
				SWIFT_ACTIVE_COMPILATION_CONDITIONS = "DEBUG $(inherited)";
				SWIFT_OPTIMIZATION_LEVEL = "-Onone";
			};
			name = Debug;
		};
		382020482BF3046B00368FA7 /* Release */ = {
			isa = XCBuildConfiguration;
			buildSettings = {
				ALWAYS_SEARCH_USER_PATHS = NO;
				ASSETCATALOG_COMPILER_GENERATE_SWIFT_ASSET_SYMBOL_EXTENSIONS = YES;
				CLANG_ANALYZER_NONNULL = YES;
				CLANG_ANALYZER_NUMBER_OBJECT_CONVERSION = YES_AGGRESSIVE;
				CLANG_CXX_LANGUAGE_STANDARD = "gnu++20";
				CLANG_ENABLE_MODULES = YES;
				CLANG_ENABLE_OBJC_ARC = YES;
				CLANG_ENABLE_OBJC_WEAK = YES;
				CLANG_WARN_BLOCK_CAPTURE_AUTORELEASING = YES;
				CLANG_WARN_BOOL_CONVERSION = YES;
				CLANG_WARN_COMMA = YES;
				CLANG_WARN_CONSTANT_CONVERSION = YES;
				CLANG_WARN_DEPRECATED_OBJC_IMPLEMENTATIONS = YES;
				CLANG_WARN_DIRECT_OBJC_ISA_USAGE = YES_ERROR;
				CLANG_WARN_DOCUMENTATION_COMMENTS = YES;
				CLANG_WARN_EMPTY_BODY = YES;
				CLANG_WARN_ENUM_CONVERSION = YES;
				CLANG_WARN_INFINITE_RECURSION = YES;
				CLANG_WARN_INT_CONVERSION = YES;
				CLANG_WARN_NON_LITERAL_NULL_CONVERSION = YES;
				CLANG_WARN_OBJC_IMPLICIT_RETAIN_SELF = YES;
				CLANG_WARN_OBJC_LITERAL_CONVERSION = YES;
				CLANG_WARN_OBJC_ROOT_CLASS = YES_ERROR;
				CLANG_WARN_QUOTED_INCLUDE_IN_FRAMEWORK_HEADER = YES;
				CLANG_WARN_RANGE_LOOP_ANALYSIS = YES;
				CLANG_WARN_STRICT_PROTOTYPES = YES;
				CLANG_WARN_SUSPICIOUS_MOVE = YES;
				CLANG_WARN_UNGUARDED_AVAILABILITY = YES_AGGRESSIVE;
				CLANG_WARN_UNREACHABLE_CODE = YES;
				CLANG_WARN__DUPLICATE_METHOD_MATCH = YES;
				COPY_PHASE_STRIP = NO;
				DEBUG_INFORMATION_FORMAT = "dwarf-with-dsym";
				ENABLE_NS_ASSERTIONS = NO;
				ENABLE_STRICT_OBJC_MSGSEND = YES;
				ENABLE_USER_SCRIPT_SANDBOXING = YES;
				GCC_C_LANGUAGE_STANDARD = gnu17;
				GCC_NO_COMMON_BLOCKS = YES;
				GCC_WARN_64_TO_32_BIT_CONVERSION = YES;
				GCC_WARN_ABOUT_RETURN_TYPE = YES_ERROR;
				GCC_WARN_UNDECLARED_SELECTOR = YES;
				GCC_WARN_UNINITIALIZED_AUTOS = YES_AGGRESSIVE;
				GCC_WARN_UNUSED_FUNCTION = YES;
				GCC_WARN_UNUSED_VARIABLE = YES;
				IPHONEOS_DEPLOYMENT_TARGET = 17.2;
				LOCALIZATION_PREFERS_STRING_CATALOGS = YES;
				MTL_ENABLE_DEBUG_INFO = NO;
				MTL_FAST_MATH = YES;
				SDKROOT = iphoneos;
				SWIFT_COMPILATION_MODE = wholemodule;
				VALIDATE_PRODUCT = YES;
			};
			name = Release;
		};
		3820204A2BF3046B00368FA7 /* Debug */ = {
			isa = XCBuildConfiguration;
			buildSettings = {
				ASSETCATALOG_COMPILER_APPICON_NAME = AppIcon;
				ASSETCATALOG_COMPILER_GLOBAL_ACCENT_COLOR_NAME = AccentColor;
				CODE_SIGN_STYLE = Automatic;
				CURRENT_PROJECT_VERSION = 1;
				DEVELOPMENT_TEAM = MMXH24PBRA;
				ENABLE_USER_SCRIPT_SANDBOXING = NO;
				GENERATE_INFOPLIST_FILE = YES;
				INFOPLIST_FILE = MusicApp/Info.plist;
				INFOPLIST_KEY_UIApplicationSupportsIndirectInputEvents = YES;
				INFOPLIST_KEY_UILaunchStoryboardName = LaunchScreen;
				INFOPLIST_KEY_UISupportedInterfaceOrientations_iPad = "UIInterfaceOrientationPortrait UIInterfaceOrientationPortraitUpsideDown UIInterfaceOrientationLandscapeLeft UIInterfaceOrientationLandscapeRight";
				INFOPLIST_KEY_UISupportedInterfaceOrientations_iPhone = "UIInterfaceOrientationPortrait UIInterfaceOrientationLandscapeLeft UIInterfaceOrientationLandscapeRight";
				IPHONEOS_DEPLOYMENT_TARGET = 17.0;
				LD_RUNPATH_SEARCH_PATHS = (
					"$(inherited)",
					"@executable_path/Frameworks",
				);
				MARKETING_VERSION = 1.0;
				PRODUCT_BUNDLE_IDENTIFIER = "com.Damien-Thompson.MusicApp";
				PRODUCT_NAME = "$(TARGET_NAME)";
				SWIFT_EMIT_LOC_STRINGS = YES;
				SWIFT_VERSION = 5.0;
				TARGETED_DEVICE_FAMILY = "1,2";
			};
			name = Debug;
		};
		3820204B2BF3046B00368FA7 /* Release */ = {
			isa = XCBuildConfiguration;
			buildSettings = {
				ASSETCATALOG_COMPILER_APPICON_NAME = AppIcon;
				ASSETCATALOG_COMPILER_GLOBAL_ACCENT_COLOR_NAME = AccentColor;
				CODE_SIGN_STYLE = Automatic;
				CURRENT_PROJECT_VERSION = 1;
				DEVELOPMENT_TEAM = MMXH24PBRA;
				ENABLE_USER_SCRIPT_SANDBOXING = NO;
				GENERATE_INFOPLIST_FILE = YES;
				INFOPLIST_FILE = MusicApp/Info.plist;
				INFOPLIST_KEY_UIApplicationSupportsIndirectInputEvents = YES;
				INFOPLIST_KEY_UILaunchStoryboardName = LaunchScreen;
				INFOPLIST_KEY_UISupportedInterfaceOrientations_iPad = "UIInterfaceOrientationPortrait UIInterfaceOrientationPortraitUpsideDown UIInterfaceOrientationLandscapeLeft UIInterfaceOrientationLandscapeRight";
				INFOPLIST_KEY_UISupportedInterfaceOrientations_iPhone = "UIInterfaceOrientationPortrait UIInterfaceOrientationLandscapeLeft UIInterfaceOrientationLandscapeRight";
				IPHONEOS_DEPLOYMENT_TARGET = 17.0;
				LD_RUNPATH_SEARCH_PATHS = (
					"$(inherited)",
					"@executable_path/Frameworks",
				);
				MARKETING_VERSION = 1.0;
				PRODUCT_BUNDLE_IDENTIFIER = "com.Damien-Thompson.MusicApp";
				PRODUCT_NAME = "$(TARGET_NAME)";
				SWIFT_EMIT_LOC_STRINGS = YES;
				SWIFT_VERSION = 5.0;
				TARGETED_DEVICE_FAMILY = "1,2";
			};
			name = Release;
		};
		3820204D2BF3046B00368FA7 /* Debug */ = {
			isa = XCBuildConfiguration;
			buildSettings = {
				ALWAYS_EMBED_SWIFT_STANDARD_LIBRARIES = YES;
				BUNDLE_LOADER = "$(TEST_HOST)";
				CODE_SIGN_STYLE = Automatic;
				CURRENT_PROJECT_VERSION = 1;
				DEVELOPMENT_TEAM = MMXH24PBRA;
				GENERATE_INFOPLIST_FILE = YES;
				IPHONEOS_DEPLOYMENT_TARGET = 17.4;
				MARKETING_VERSION = 1.0;
				PRODUCT_BUNDLE_IDENTIFIER = "com.Damien-Thompson.MusicAppTests";
				PRODUCT_NAME = "$(TARGET_NAME)";
				SWIFT_EMIT_LOC_STRINGS = NO;
				SWIFT_VERSION = 5.0;
				TARGETED_DEVICE_FAMILY = "1,2";
				TEST_HOST = "$(BUILT_PRODUCTS_DIR)/MusicApp.app/$(BUNDLE_EXECUTABLE_FOLDER_PATH)/MusicApp";
			};
			name = Debug;
		};
		3820204E2BF3046B00368FA7 /* Release */ = {
			isa = XCBuildConfiguration;
			buildSettings = {
				ALWAYS_EMBED_SWIFT_STANDARD_LIBRARIES = YES;
				BUNDLE_LOADER = "$(TEST_HOST)";
				CODE_SIGN_STYLE = Automatic;
				CURRENT_PROJECT_VERSION = 1;
				DEVELOPMENT_TEAM = MMXH24PBRA;
				GENERATE_INFOPLIST_FILE = YES;
				IPHONEOS_DEPLOYMENT_TARGET = 17.4;
				MARKETING_VERSION = 1.0;
				PRODUCT_BUNDLE_IDENTIFIER = "com.Damien-Thompson.MusicAppTests";
				PRODUCT_NAME = "$(TARGET_NAME)";
				SWIFT_EMIT_LOC_STRINGS = NO;
				SWIFT_VERSION = 5.0;
				TARGETED_DEVICE_FAMILY = "1,2";
				TEST_HOST = "$(BUILT_PRODUCTS_DIR)/MusicApp.app/$(BUNDLE_EXECUTABLE_FOLDER_PATH)/MusicApp";
			};
			name = Release;
		};
		382020502BF3046B00368FA7 /* Debug */ = {
			isa = XCBuildConfiguration;
			buildSettings = {
				ALWAYS_EMBED_SWIFT_STANDARD_LIBRARIES = YES;
				CODE_SIGN_STYLE = Automatic;
				CURRENT_PROJECT_VERSION = 1;
				DEVELOPMENT_TEAM = MMXH24PBRA;
				GENERATE_INFOPLIST_FILE = YES;
				MARKETING_VERSION = 1.0;
				PRODUCT_BUNDLE_IDENTIFIER = "com.Damien-Thompson.MusicAppUITests";
				PRODUCT_NAME = "$(TARGET_NAME)";
				SWIFT_EMIT_LOC_STRINGS = NO;
				SWIFT_VERSION = 5.0;
				TARGETED_DEVICE_FAMILY = "1,2";
				TEST_TARGET_NAME = MusicApp;
			};
			name = Debug;
		};
		382020512BF3046B00368FA7 /* Release */ = {
			isa = XCBuildConfiguration;
			buildSettings = {
				ALWAYS_EMBED_SWIFT_STANDARD_LIBRARIES = YES;
				CODE_SIGN_STYLE = Automatic;
				CURRENT_PROJECT_VERSION = 1;
				DEVELOPMENT_TEAM = MMXH24PBRA;
				GENERATE_INFOPLIST_FILE = YES;
				MARKETING_VERSION = 1.0;
				PRODUCT_BUNDLE_IDENTIFIER = "com.Damien-Thompson.MusicAppUITests";
				PRODUCT_NAME = "$(TARGET_NAME)";
				SWIFT_EMIT_LOC_STRINGS = NO;
				SWIFT_VERSION = 5.0;
				TARGETED_DEVICE_FAMILY = "1,2";
				TEST_TARGET_NAME = MusicApp;
			};
			name = Release;
		};
/* End XCBuildConfiguration section */

/* Begin XCConfigurationList section */
		3820201A2BF3046800368FA7 /* Build configuration list for PBXProject "MusicApp" */ = {
			isa = XCConfigurationList;
			buildConfigurations = (
				382020472BF3046B00368FA7 /* Debug */,
				382020482BF3046B00368FA7 /* Release */,
			);
			defaultConfigurationIsVisible = 0;
			defaultConfigurationName = Release;
		};
		382020492BF3046B00368FA7 /* Build configuration list for PBXNativeTarget "MusicApp" */ = {
			isa = XCConfigurationList;
			buildConfigurations = (
				3820204A2BF3046B00368FA7 /* Debug */,
				3820204B2BF3046B00368FA7 /* Release */,
			);
			defaultConfigurationIsVisible = 0;
			defaultConfigurationName = Release;
		};
		3820204C2BF3046B00368FA7 /* Build configuration list for PBXNativeTarget "MusicAppTests" */ = {
			isa = XCConfigurationList;
			buildConfigurations = (
				3820204D2BF3046B00368FA7 /* Debug */,
				3820204E2BF3046B00368FA7 /* Release */,
			);
			defaultConfigurationIsVisible = 0;
			defaultConfigurationName = Release;
		};
		3820204F2BF3046B00368FA7 /* Build configuration list for PBXNativeTarget "MusicAppUITests" */ = {
			isa = XCConfigurationList;
			buildConfigurations = (
				382020502BF3046B00368FA7 /* Debug */,
				382020512BF3046B00368FA7 /* Release */,
			);
			defaultConfigurationIsVisible = 0;
			defaultConfigurationName = Release;
		};
/* End XCConfigurationList section */

/* Begin XCRemoteSwiftPackageReference section */
		3845A0152C69DB8E00898F4E /* XCRemoteSwiftPackageReference "keychain-swift" */ = {
			isa = XCRemoteSwiftPackageReference;
			repositoryURL = "https://github.com/evgenyneu/keychain-swift";
			requirement = {
				kind = exactVersion;
				version = 24.0.0;
			};
		};
/* End XCRemoteSwiftPackageReference section */

/* Begin XCSwiftPackageProductDependency section */
		3845A0172C69DE3D00898F4E /* KeychainSwift */ = {
			isa = XCSwiftPackageProductDependency;
			package = 3845A0152C69DB8E00898F4E /* XCRemoteSwiftPackageReference "keychain-swift" */;
			productName = KeychainSwift;
		};
/* End XCSwiftPackageProductDependency section */
	};
	rootObject = 382020172BF3046800368FA7 /* Project object */;
}
